// !$*UTF8*$!
{
	archiveVersion = 1;
	classes = {
	};
	objectVersion = 56;
	objects = {

/* Begin PBXBuildFile section */
		06D24C852BE805A30092B445 /* Earthquake.swift in Sources */ = {isa = PBXBuildFile; fileRef = 06D24C5C2BE805A30092B445 /* Earthquake.swift */; };
		06D24C862BE805A30092B445 /* EarthquakeGeometry.swift in Sources */ = {isa = PBXBuildFile; fileRef = 06D24C5D2BE805A30092B445 /* EarthquakeGeometry.swift */; };
		06D24C872BE805A30092B445 /* EarthquakeProperties.swift in Sources */ = {isa = PBXBuildFile; fileRef = 06D24C5E2BE805A30092B445 /* EarthquakeProperties.swift */; };
		06D24C882BE805A30092B445 /* GeoJSON.swift in Sources */ = {isa = PBXBuildFile; fileRef = 06D24C5F2BE805A30092B445 /* GeoJSON.swift */; };
		06D24C892BE805A30092B445 /* QuakeLocation.swift in Sources */ = {isa = PBXBuildFile; fileRef = 06D24C602BE805A30092B445 /* QuakeLocation.swift */; };
		06D24C8A2BE805A30092B445 /* NetworkManager.swift in Sources */ = {isa = PBXBuildFile; fileRef = 06D24C622BE805A30092B445 /* NetworkManager.swift */; };
		06D24C8B2BE805A30092B445 /* QuakeError.swift in Sources */ = {isa = PBXBuildFile; fileRef = 06D24C632BE805A30092B445 /* QuakeError.swift */; };
		06D24C8C2BE805A30092B445 /* testresponse.json in Resources */ = {isa = PBXBuildFile; fileRef = 06D24C642BE805A30092B445 /* testresponse.json */; };
		06D24C8D2BE805A30092B445 /* Preview Assets.xcassets in Resources */ = {isa = PBXBuildFile; fileRef = 06D24C662BE805A30092B445 /* Preview Assets.xcassets */; };
		06D24C8E2BE805A30092B445 /* EarthquakesState.swift in Sources */ = {isa = PBXBuildFile; fileRef = 06D24C682BE805A30092B445 /* EarthquakesState.swift */; };
		06D24C8F2BE805A30092B445 /* SettingsState.swift in Sources */ = {isa = PBXBuildFile; fileRef = 06D24C692BE805A30092B445 /* SettingsState.swift */; };
		06D24C902BE805A30092B445 /* ApplicationInfo.swift in Sources */ = {isa = PBXBuildFile; fileRef = 06D24C6B2BE805A30092B445 /* ApplicationInfo.swift */; };
		06D24C912BE805A30092B445 /* CLLocation.swift in Sources */ = {isa = PBXBuildFile; fileRef = 06D24C6C2BE805A30092B445 /* CLLocation.swift */; };
		06D24C922BE805A30092B445 /* CLPlacemark.swift in Sources */ = {isa = PBXBuildFile; fileRef = 06D24C6D2BE805A30092B445 /* CLPlacemark.swift */; };
		06D24C932BE805A30092B445 /* Date.swift in Sources */ = {isa = PBXBuildFile; fileRef = 06D24C6E2BE805A30092B445 /* Date.swift */; };
		06D24C942BE805A30092B445 /* Round.swift in Sources */ = {isa = PBXBuildFile; fileRef = 06D24C702BE805A30092B445 /* Round.swift */; };
		06D24C952BE805A30092B445 /* EarthquakeRow.swift in Sources */ = {isa = PBXBuildFile; fileRef = 06D24C722BE805A30092B445 /* EarthquakeRow.swift */; };
		06D24C962BE805A30092B445 /* FloatingButtonView.swift in Sources */ = {isa = PBXBuildFile; fileRef = 06D24C742BE805A30092B445 /* FloatingButtonView.swift */; };
		06D24C972BE805A30092B445 /* EarthquakePreviewView.swift in Sources */ = {isa = PBXBuildFile; fileRef = 06D24C762BE805A30092B445 /* EarthquakePreviewView.swift */; };
		06D24C982BE805A30092B445 /* LoadingIndicator.swift in Sources */ = {isa = PBXBuildFile; fileRef = 06D24C772BE805A30092B445 /* LoadingIndicator.swift */; };
		06D24C992BE805A30092B445 /* EarthquakeDetailView.swift in Sources */ = {isa = PBXBuildFile; fileRef = 06D24C792BE805A30092B445 /* EarthquakeDetailView.swift */; };
		06D24C9A2BE805A30092B445 /* EarthquakeListView.swift in Sources */ = {isa = PBXBuildFile; fileRef = 06D24C7A2BE805A30092B445 /* EarthquakeListView.swift */; };
		06D24C9B2BE805A30092B445 /* EarthquakesMapView.swift in Sources */ = {isa = PBXBuildFile; fileRef = 06D24C7B2BE805A30092B445 /* EarthquakesMapView.swift */; };
		06D24C9C2BE805A30092B445 /* LaunchScreen.storyboard in Resources */ = {isa = PBXBuildFile; fileRef = 06D24C7C2BE805A30092B445 /* LaunchScreen.storyboard */; };
		06D24C9D2BE805A30092B445 /* SettingsView.swift in Sources */ = {isa = PBXBuildFile; fileRef = 06D24C7D2BE805A30092B445 /* SettingsView.swift */; };
		06D24C9E2BE805A30092B445 /* Assets.xcassets in Resources */ = {isa = PBXBuildFile; fileRef = 06D24C802BE805A30092B445 /* Assets.xcassets */; };
		06D24C9F2BE805A30092B445 /* RumbleApp.swift in Sources */ = {isa = PBXBuildFile; fileRef = 06D24C812BE805A30092B445 /* RumbleApp.swift */; };
		06D24CA02BE805A30092B445 /* HomeView.swift in Sources */ = {isa = PBXBuildFile; fileRef = 06D24C822BE805A30092B445 /* HomeView.swift */; };
		06D24CA52BE80B130092B445 /* LocationState.swift in Sources */ = {isa = PBXBuildFile; fileRef = 06D24CA42BE80B130092B445 /* LocationState.swift */; };
		06EFE9C82AFAB92000351973 /* RumbleTests.swift in Sources */ = {isa = PBXBuildFile; fileRef = 06EFE9C72AFAB92000351973 /* RumbleTests.swift */; };
		06EFE9D22AFAB92000351973 /* RumbleUITests.swift in Sources */ = {isa = PBXBuildFile; fileRef = 06EFE9D12AFAB92000351973 /* RumbleUITests.swift */; };
		06EFE9D42AFAB92000351973 /* RumbleUITestsLaunchTests.swift in Sources */ = {isa = PBXBuildFile; fileRef = 06EFE9D32AFAB92000351973 /* RumbleUITestsLaunchTests.swift */; };
		06EFE9F32AFAC2AD00351973 /* TestData.swift in Sources */ = {isa = PBXBuildFile; fileRef = 06EFE9F22AFAC2AD00351973 /* TestData.swift */; };
/* End PBXBuildFile section */

/* Begin PBXContainerItemProxy section */
		06EFE9C42AFAB92000351973 /* PBXContainerItemProxy */ = {
			isa = PBXContainerItemProxy;
			containerPortal = 06EFE9AB2AFAB91E00351973 /* Project object */;
			proxyType = 1;
			remoteGlobalIDString = 06EFE9B22AFAB91E00351973;
			remoteInfo = Plate;
		};
		06EFE9CE2AFAB92000351973 /* PBXContainerItemProxy */ = {
			isa = PBXContainerItemProxy;
			containerPortal = 06EFE9AB2AFAB91E00351973 /* Project object */;
			proxyType = 1;
			remoteGlobalIDString = 06EFE9B22AFAB91E00351973;
			remoteInfo = Plate;
		};
/* End PBXContainerItemProxy section */

/* Begin PBXFileReference section */
		06D24C5C2BE805A30092B445 /* Earthquake.swift */ = {isa = PBXFileReference; fileEncoding = 4; lastKnownFileType = sourcecode.swift; path = Earthquake.swift; sourceTree = "<group>"; };
		06D24C5D2BE805A30092B445 /* EarthquakeGeometry.swift */ = {isa = PBXFileReference; fileEncoding = 4; lastKnownFileType = sourcecode.swift; path = EarthquakeGeometry.swift; sourceTree = "<group>"; };
		06D24C5E2BE805A30092B445 /* EarthquakeProperties.swift */ = {isa = PBXFileReference; fileEncoding = 4; lastKnownFileType = sourcecode.swift; path = EarthquakeProperties.swift; sourceTree = "<group>"; };
		06D24C5F2BE805A30092B445 /* GeoJSON.swift */ = {isa = PBXFileReference; fileEncoding = 4; lastKnownFileType = sourcecode.swift; path = GeoJSON.swift; sourceTree = "<group>"; };
		06D24C602BE805A30092B445 /* QuakeLocation.swift */ = {isa = PBXFileReference; fileEncoding = 4; lastKnownFileType = sourcecode.swift; path = QuakeLocation.swift; sourceTree = "<group>"; };
		06D24C622BE805A30092B445 /* NetworkManager.swift */ = {isa = PBXFileReference; fileEncoding = 4; lastKnownFileType = sourcecode.swift; path = NetworkManager.swift; sourceTree = "<group>"; };
		06D24C632BE805A30092B445 /* QuakeError.swift */ = {isa = PBXFileReference; fileEncoding = 4; lastKnownFileType = sourcecode.swift; path = QuakeError.swift; sourceTree = "<group>"; };
		06D24C642BE805A30092B445 /* testresponse.json */ = {isa = PBXFileReference; fileEncoding = 4; lastKnownFileType = text.json; path = testresponse.json; sourceTree = "<group>"; };
		06D24C662BE805A30092B445 /* Preview Assets.xcassets */ = {isa = PBXFileReference; lastKnownFileType = folder.assetcatalog; path = "Preview Assets.xcassets"; sourceTree = "<group>"; };
		06D24C682BE805A30092B445 /* EarthquakesState.swift */ = {isa = PBXFileReference; fileEncoding = 4; lastKnownFileType = sourcecode.swift; path = EarthquakesState.swift; sourceTree = "<group>"; };
		06D24C692BE805A30092B445 /* SettingsState.swift */ = {isa = PBXFileReference; fileEncoding = 4; lastKnownFileType = sourcecode.swift; path = SettingsState.swift; sourceTree = "<group>"; };
		06D24C6B2BE805A30092B445 /* ApplicationInfo.swift */ = {isa = PBXFileReference; fileEncoding = 4; lastKnownFileType = sourcecode.swift; path = ApplicationInfo.swift; sourceTree = "<group>"; };
		06D24C6C2BE805A30092B445 /* CLLocation.swift */ = {isa = PBXFileReference; fileEncoding = 4; lastKnownFileType = sourcecode.swift; path = CLLocation.swift; sourceTree = "<group>"; };
		06D24C6D2BE805A30092B445 /* CLPlacemark.swift */ = {isa = PBXFileReference; fileEncoding = 4; lastKnownFileType = sourcecode.swift; path = CLPlacemark.swift; sourceTree = "<group>"; };
		06D24C6E2BE805A30092B445 /* Date.swift */ = {isa = PBXFileReference; fileEncoding = 4; lastKnownFileType = sourcecode.swift; path = Date.swift; sourceTree = "<group>"; };
		06D24C702BE805A30092B445 /* Round.swift */ = {isa = PBXFileReference; fileEncoding = 4; lastKnownFileType = sourcecode.swift; path = Round.swift; sourceTree = "<group>"; };
		06D24C722BE805A30092B445 /* EarthquakeRow.swift */ = {isa = PBXFileReference; fileEncoding = 4; lastKnownFileType = sourcecode.swift; path = EarthquakeRow.swift; sourceTree = "<group>"; };
		06D24C742BE805A30092B445 /* FloatingButtonView.swift */ = {isa = PBXFileReference; fileEncoding = 4; lastKnownFileType = sourcecode.swift; path = FloatingButtonView.swift; sourceTree = "<group>"; };
		06D24C762BE805A30092B445 /* EarthquakePreviewView.swift */ = {isa = PBXFileReference; fileEncoding = 4; lastKnownFileType = sourcecode.swift; path = EarthquakePreviewView.swift; sourceTree = "<group>"; };
		06D24C772BE805A30092B445 /* LoadingIndicator.swift */ = {isa = PBXFileReference; fileEncoding = 4; lastKnownFileType = sourcecode.swift; path = LoadingIndicator.swift; sourceTree = "<group>"; };
		06D24C792BE805A30092B445 /* EarthquakeDetailView.swift */ = {isa = PBXFileReference; fileEncoding = 4; lastKnownFileType = sourcecode.swift; path = EarthquakeDetailView.swift; sourceTree = "<group>"; };
		06D24C7A2BE805A30092B445 /* EarthquakeListView.swift */ = {isa = PBXFileReference; fileEncoding = 4; lastKnownFileType = sourcecode.swift; path = EarthquakeListView.swift; sourceTree = "<group>"; };
		06D24C7B2BE805A30092B445 /* EarthquakesMapView.swift */ = {isa = PBXFileReference; fileEncoding = 4; lastKnownFileType = sourcecode.swift; path = EarthquakesMapView.swift; sourceTree = "<group>"; };
		06D24C7C2BE805A30092B445 /* LaunchScreen.storyboard */ = {isa = PBXFileReference; fileEncoding = 4; lastKnownFileType = file.storyboard; path = LaunchScreen.storyboard; sourceTree = "<group>"; };
		06D24C7D2BE805A30092B445 /* SettingsView.swift */ = {isa = PBXFileReference; fileEncoding = 4; lastKnownFileType = sourcecode.swift; path = SettingsView.swift; sourceTree = "<group>"; };
		06D24C802BE805A30092B445 /* Assets.xcassets */ = {isa = PBXFileReference; lastKnownFileType = folder.assetcatalog; path = Assets.xcassets; sourceTree = "<group>"; };
		06D24C812BE805A30092B445 /* RumbleApp.swift */ = {isa = PBXFileReference; fileEncoding = 4; lastKnownFileType = sourcecode.swift; path = RumbleApp.swift; sourceTree = "<group>"; };
		06D24C822BE805A30092B445 /* HomeView.swift */ = {isa = PBXFileReference; fileEncoding = 4; lastKnownFileType = sourcecode.swift; path = HomeView.swift; sourceTree = "<group>"; };
		06D24CA22BE807190092B445 /* Info.plist */ = {isa = PBXFileReference; fileEncoding = 4; lastKnownFileType = text.plist.xml; path = Info.plist; sourceTree = "<group>"; };
		06D24CA42BE80B130092B445 /* LocationState.swift */ = {isa = PBXFileReference; lastKnownFileType = sourcecode.swift; path = LocationState.swift; sourceTree = "<group>"; };
		06EFE9B32AFAB91E00351973 /* Rumble.app */ = {isa = PBXFileReference; explicitFileType = wrapper.application; includeInIndex = 0; path = Rumble.app; sourceTree = BUILT_PRODUCTS_DIR; };
		06EFE9C32AFAB92000351973 /* RumbleTests.xctest */ = {isa = PBXFileReference; explicitFileType = wrapper.cfbundle; includeInIndex = 0; path = RumbleTests.xctest; sourceTree = BUILT_PRODUCTS_DIR; };
		06EFE9C72AFAB92000351973 /* RumbleTests.swift */ = {isa = PBXFileReference; lastKnownFileType = sourcecode.swift; path = RumbleTests.swift; sourceTree = "<group>"; };
		06EFE9CD2AFAB92000351973 /* RumbleUITests.xctest */ = {isa = PBXFileReference; explicitFileType = wrapper.cfbundle; includeInIndex = 0; path = RumbleUITests.xctest; sourceTree = BUILT_PRODUCTS_DIR; };
		06EFE9D12AFAB92000351973 /* RumbleUITests.swift */ = {isa = PBXFileReference; lastKnownFileType = sourcecode.swift; path = RumbleUITests.swift; sourceTree = "<group>"; };
		06EFE9D32AFAB92000351973 /* RumbleUITestsLaunchTests.swift */ = {isa = PBXFileReference; lastKnownFileType = sourcecode.swift; path = RumbleUITestsLaunchTests.swift; sourceTree = "<group>"; };
		06EFE9F22AFAC2AD00351973 /* TestData.swift */ = {isa = PBXFileReference; lastKnownFileType = sourcecode.swift; path = TestData.swift; sourceTree = "<group>"; };
/* End PBXFileReference section */

/* Begin PBXFrameworksBuildPhase section */
		06EFE9B02AFAB91E00351973 /* Frameworks */ = {
			isa = PBXFrameworksBuildPhase;
			buildActionMask = 2147483647;
			files = (
			);
			runOnlyForDeploymentPostprocessing = 0;
		};
		06EFE9C02AFAB92000351973 /* Frameworks */ = {
			isa = PBXFrameworksBuildPhase;
			buildActionMask = 2147483647;
			files = (
			);
			runOnlyForDeploymentPostprocessing = 0;
		};
		06EFE9CA2AFAB92000351973 /* Frameworks */ = {
			isa = PBXFrameworksBuildPhase;
			buildActionMask = 2147483647;
			files = (
			);
			runOnlyForDeploymentPostprocessing = 0;
		};
/* End PBXFrameworksBuildPhase section */

/* Begin PBXGroup section */
		06D24C612BE805A30092B445 /* Models */ = {
			isa = PBXGroup;
			children = (
				06D24C5C2BE805A30092B445 /* Earthquake.swift */,
				06D24C5D2BE805A30092B445 /* EarthquakeGeometry.swift */,
				06D24C5E2BE805A30092B445 /* EarthquakeProperties.swift */,
				06D24C5F2BE805A30092B445 /* GeoJSON.swift */,
				06D24C602BE805A30092B445 /* QuakeLocation.swift */,
			);
			path = Models;
			sourceTree = "<group>";
		};
		06D24C652BE805A30092B445 /* Networking */ = {
			isa = PBXGroup;
			children = (
				06D24C622BE805A30092B445 /* NetworkManager.swift */,
				06D24C632BE805A30092B445 /* QuakeError.swift */,
				06D24C642BE805A30092B445 /* testresponse.json */,
			);
			path = Networking;
			sourceTree = "<group>";
		};
		06D24C672BE805A30092B445 /* Preview Content */ = {
			isa = PBXGroup;
			children = (
				06D24C662BE805A30092B445 /* Preview Assets.xcassets */,
			);
			path = "Preview Content";
			sourceTree = "<group>";
		};
		06D24C6A2BE805A30092B445 /* States */ = {
			isa = PBXGroup;
			children = (
				06D24CA42BE80B130092B445 /* LocationState.swift */,
				06D24C682BE805A30092B445 /* EarthquakesState.swift */,
				06D24C692BE805A30092B445 /* SettingsState.swift */,
			);
			path = States;
			sourceTree = "<group>";
		};
		06D24C6F2BE805A30092B445 /* Extensions */ = {
			isa = PBXGroup;
			children = (
				06D24C6B2BE805A30092B445 /* ApplicationInfo.swift */,
				06D24C6C2BE805A30092B445 /* CLLocation.swift */,
				06D24C6D2BE805A30092B445 /* CLPlacemark.swift */,
				06D24C6E2BE805A30092B445 /* Date.swift */,
			);
			path = Extensions;
			sourceTree = "<group>";
		};
		06D24C712BE805A30092B445 /* Utilities */ = {
			isa = PBXGroup;
			children = (
				06D24C6F2BE805A30092B445 /* Extensions */,
				06D24C702BE805A30092B445 /* Round.swift */,
			);
			path = Utilities;
			sourceTree = "<group>";
		};
		06D24C732BE805A30092B445 /* EarthquakeList */ = {
			isa = PBXGroup;
			children = (
				06D24C722BE805A30092B445 /* EarthquakeRow.swift */,
			);
			path = EarthquakeList;
			sourceTree = "<group>";
		};
		06D24C752BE805A30092B445 /* FloatingButtonView */ = {
			isa = PBXGroup;
			children = (
				06D24C742BE805A30092B445 /* FloatingButtonView.swift */,
			);
			path = FloatingButtonView;
			sourceTree = "<group>";
		};
		06D24C782BE805A30092B445 /* Components */ = {
			isa = PBXGroup;
			children = (
				06D24C732BE805A30092B445 /* EarthquakeList */,
				06D24C752BE805A30092B445 /* FloatingButtonView */,
				06D24C762BE805A30092B445 /* EarthquakePreviewView.swift */,
				06D24C772BE805A30092B445 /* LoadingIndicator.swift */,
			);
			path = Components;
			sourceTree = "<group>";
		};
		06D24C7E2BE805A30092B445 /* Screens */ = {
			isa = PBXGroup;
			children = (
				06D24C792BE805A30092B445 /* EarthquakeDetailView.swift */,
				06D24C7A2BE805A30092B445 /* EarthquakeListView.swift */,
				06D24C7B2BE805A30092B445 /* EarthquakesMapView.swift */,
				06D24C7C2BE805A30092B445 /* LaunchScreen.storyboard */,
				06D24C7D2BE805A30092B445 /* SettingsView.swift */,
			);
			path = Screens;
			sourceTree = "<group>";
		};
		06D24C7F2BE805A30092B445 /* Views */ = {
			isa = PBXGroup;
			children = (
				06D24C782BE805A30092B445 /* Components */,
				06D24C7E2BE805A30092B445 /* Screens */,
			);
			path = Views;
			sourceTree = "<group>";
		};
		06D24C842BE805A30092B445 /* Rumble */ = {
			isa = PBXGroup;
			children = (
				06D24CA22BE807190092B445 /* Info.plist */,
				06D24C612BE805A30092B445 /* Models */,
				06D24C652BE805A30092B445 /* Networking */,
				06D24C672BE805A30092B445 /* Preview Content */,
				06D24C6A2BE805A30092B445 /* States */,
				06D24C712BE805A30092B445 /* Utilities */,
				06D24C7F2BE805A30092B445 /* Views */,
				06D24C802BE805A30092B445 /* Assets.xcassets */,
				06D24C812BE805A30092B445 /* RumbleApp.swift */,
				06D24C822BE805A30092B445 /* HomeView.swift */,
			);
			path = Rumble;
			sourceTree = "<group>";
		};
		06EFE9AA2AFAB91E00351973 = {
			isa = PBXGroup;
			children = (
				06D24C842BE805A30092B445 /* Rumble */,
				06EFE9C62AFAB92000351973 /* RumbleTests */,
				06EFE9D02AFAB92000351973 /* RumbleUITests */,
				06EFE9B42AFAB91E00351973 /* Products */,
			);
			sourceTree = "<group>";
		};
		06EFE9B42AFAB91E00351973 /* Products */ = {
			isa = PBXGroup;
			children = (
				06EFE9B32AFAB91E00351973 /* Rumble.app */,
				06EFE9C32AFAB92000351973 /* RumbleTests.xctest */,
				06EFE9CD2AFAB92000351973 /* RumbleUITests.xctest */,
			);
			name = Products;
			sourceTree = "<group>";
		};
		06EFE9C62AFAB92000351973 /* RumbleTests */ = {
			isa = PBXGroup;
			children = (
				06EFE9C72AFAB92000351973 /* RumbleTests.swift */,
				06EFE9F22AFAC2AD00351973 /* TestData.swift */,
			);
			path = RumbleTests;
			sourceTree = "<group>";
		};
		06EFE9D02AFAB92000351973 /* RumbleUITests */ = {
			isa = PBXGroup;
			children = (
				06EFE9D12AFAB92000351973 /* RumbleUITests.swift */,
				06EFE9D32AFAB92000351973 /* RumbleUITestsLaunchTests.swift */,
			);
			path = RumbleUITests;
			sourceTree = "<group>";
		};
/* End PBXGroup section */

/* Begin PBXNativeTarget section */
		06EFE9B22AFAB91E00351973 /* Rumble */ = {
			isa = PBXNativeTarget;
			buildConfigurationList = 06EFE9D72AFAB92000351973 /* Build configuration list for PBXNativeTarget "Rumble" */;
			buildPhases = (
				06EFE9AF2AFAB91E00351973 /* Sources */,
				06EFE9B02AFAB91E00351973 /* Frameworks */,
				06EFE9B12AFAB91E00351973 /* Resources */,
				06C1DCDE2B9507AD005D8ABA /* Increment Build Number */,
			);
			buildRules = (
			);
			dependencies = (
			);
			name = Rumble;
			productName = Plate;
			productReference = 06EFE9B32AFAB91E00351973 /* Rumble.app */;
			productType = "com.apple.product-type.application";
		};
		06EFE9C22AFAB92000351973 /* RumbleTests */ = {
			isa = PBXNativeTarget;
			buildConfigurationList = 06EFE9DA2AFAB92000351973 /* Build configuration list for PBXNativeTarget "RumbleTests" */;
			buildPhases = (
				06EFE9BF2AFAB92000351973 /* Sources */,
				06EFE9C02AFAB92000351973 /* Frameworks */,
				06EFE9C12AFAB92000351973 /* Resources */,
			);
			buildRules = (
			);
			dependencies = (
				06EFE9C52AFAB92000351973 /* PBXTargetDependency */,
			);
			name = RumbleTests;
			productName = PlateTests;
			productReference = 06EFE9C32AFAB92000351973 /* RumbleTests.xctest */;
			productType = "com.apple.product-type.bundle.unit-test";
		};
		06EFE9CC2AFAB92000351973 /* RumbleUITests */ = {
			isa = PBXNativeTarget;
			buildConfigurationList = 06EFE9DD2AFAB92000351973 /* Build configuration list for PBXNativeTarget "RumbleUITests" */;
			buildPhases = (
				06EFE9C92AFAB92000351973 /* Sources */,
				06EFE9CA2AFAB92000351973 /* Frameworks */,
				06EFE9CB2AFAB92000351973 /* Resources */,
			);
			buildRules = (
			);
			dependencies = (
				06EFE9CF2AFAB92000351973 /* PBXTargetDependency */,
			);
			name = RumbleUITests;
			productName = PlateUITests;
			productReference = 06EFE9CD2AFAB92000351973 /* RumbleUITests.xctest */;
			productType = "com.apple.product-type.bundle.ui-testing";
		};
/* End PBXNativeTarget section */

/* Begin PBXProject section */
		06EFE9AB2AFAB91E00351973 /* Project object */ = {
			isa = PBXProject;
			attributes = {
				BuildIndependentTargetsInParallel = 1;
				LastSwiftUpdateCheck = 1510;
				LastUpgradeCheck = 1510;
				TargetAttributes = {
					06EFE9B22AFAB91E00351973 = {
						CreatedOnToolsVersion = 15.1;
					};
					06EFE9C22AFAB92000351973 = {
						CreatedOnToolsVersion = 15.1;
						TestTargetID = 06EFE9B22AFAB91E00351973;
					};
					06EFE9CC2AFAB92000351973 = {
						CreatedOnToolsVersion = 15.1;
						TestTargetID = 06EFE9B22AFAB91E00351973;
					};
				};
			};
			buildConfigurationList = 06EFE9AE2AFAB91E00351973 /* Build configuration list for PBXProject "Rumble" */;
			compatibilityVersion = "Xcode 14.0";
			developmentRegion = en;
			hasScannedForEncodings = 0;
			knownRegions = (
				en,
				Base,
			);
			mainGroup = 06EFE9AA2AFAB91E00351973;
			productRefGroup = 06EFE9B42AFAB91E00351973 /* Products */;
			projectDirPath = "";
			projectRoot = "";
			targets = (
				06EFE9B22AFAB91E00351973 /* Rumble */,
				06EFE9C22AFAB92000351973 /* RumbleTests */,
				06EFE9CC2AFAB92000351973 /* RumbleUITests */,
			);
		};
/* End PBXProject section */

/* Begin PBXResourcesBuildPhase section */
		06EFE9B12AFAB91E00351973 /* Resources */ = {
			isa = PBXResourcesBuildPhase;
			buildActionMask = 2147483647;
			files = (
				06D24C9C2BE805A30092B445 /* LaunchScreen.storyboard in Resources */,
				06D24C8D2BE805A30092B445 /* Preview Assets.xcassets in Resources */,
				06D24C9E2BE805A30092B445 /* Assets.xcassets in Resources */,
				06D24C8C2BE805A30092B445 /* testresponse.json in Resources */,
			);
			runOnlyForDeploymentPostprocessing = 0;
		};
		06EFE9C12AFAB92000351973 /* Resources */ = {
			isa = PBXResourcesBuildPhase;
			buildActionMask = 2147483647;
			files = (
			);
			runOnlyForDeploymentPostprocessing = 0;
		};
		06EFE9CB2AFAB92000351973 /* Resources */ = {
			isa = PBXResourcesBuildPhase;
			buildActionMask = 2147483647;
			files = (
			);
			runOnlyForDeploymentPostprocessing = 0;
		};
/* End PBXResourcesBuildPhase section */

/* Begin PBXShellScriptBuildPhase section */
		06C1DCDE2B9507AD005D8ABA /* Increment Build Number */ = {
			isa = PBXShellScriptBuildPhase;
			alwaysOutOfDate = 1;
			buildActionMask = 2147483647;
			files = (
			);
			inputFileListPaths = (
			);
			inputPaths = (
			);
			name = "Increment Build Number";
			outputFileListPaths = (
			);
			outputPaths = (
			);
			runOnlyForDeploymentPostprocessing = 0;
			shellPath = /bin/sh;
			shellScript = "xcrun agvtool next-version -all\n";
		};
/* End PBXShellScriptBuildPhase section */

/* Begin PBXSourcesBuildPhase section */
		06EFE9AF2AFAB91E00351973 /* Sources */ = {
			isa = PBXSourcesBuildPhase;
			buildActionMask = 2147483647;
			files = (
				06D24C982BE805A30092B445 /* LoadingIndicator.swift in Sources */,
				06D24C9A2BE805A30092B445 /* EarthquakeListView.swift in Sources */,
				06D24CA52BE80B130092B445 /* LocationState.swift in Sources */,
				06D24C952BE805A30092B445 /* EarthquakeRow.swift in Sources */,
				06D24C8F2BE805A30092B445 /* SettingsState.swift in Sources */,
				06D24C8E2BE805A30092B445 /* EarthquakesState.swift in Sources */,
				06D24C912BE805A30092B445 /* CLLocation.swift in Sources */,
				06D24C902BE805A30092B445 /* ApplicationInfo.swift in Sources */,
				06D24C8A2BE805A30092B445 /* NetworkManager.swift in Sources */,
				06D24C8B2BE805A30092B445 /* QuakeError.swift in Sources */,
				06D24C872BE805A30092B445 /* EarthquakeProperties.swift in Sources */,
				06D24C922BE805A30092B445 /* CLPlacemark.swift in Sources */,
				06D24C892BE805A30092B445 /* QuakeLocation.swift in Sources */,
				06D24C882BE805A30092B445 /* GeoJSON.swift in Sources */,
				06D24C862BE805A30092B445 /* EarthquakeGeometry.swift in Sources */,
				06D24C9B2BE805A30092B445 /* EarthquakesMapView.swift in Sources */,
				06D24C992BE805A30092B445 /* EarthquakeDetailView.swift in Sources */,
				06D24C9F2BE805A30092B445 /* RumbleApp.swift in Sources */,
				06D24C932BE805A30092B445 /* Date.swift in Sources */,
				06D24C942BE805A30092B445 /* Round.swift in Sources */,
				06D24C962BE805A30092B445 /* FloatingButtonView.swift in Sources */,
				06D24C972BE805A30092B445 /* EarthquakePreviewView.swift in Sources */,
				06D24CA02BE805A30092B445 /* HomeView.swift in Sources */,
				06D24C852BE805A30092B445 /* Earthquake.swift in Sources */,
				06D24C9D2BE805A30092B445 /* SettingsView.swift in Sources */,
			);
			runOnlyForDeploymentPostprocessing = 0;
		};
		06EFE9BF2AFAB92000351973 /* Sources */ = {
			isa = PBXSourcesBuildPhase;
			buildActionMask = 2147483647;
			files = (
				06EFE9C82AFAB92000351973 /* RumbleTests.swift in Sources */,
				06EFE9F32AFAC2AD00351973 /* TestData.swift in Sources */,
			);
			runOnlyForDeploymentPostprocessing = 0;
		};
		06EFE9C92AFAB92000351973 /* Sources */ = {
			isa = PBXSourcesBuildPhase;
			buildActionMask = 2147483647;
			files = (
				06EFE9D22AFAB92000351973 /* RumbleUITests.swift in Sources */,
				06EFE9D42AFAB92000351973 /* RumbleUITestsLaunchTests.swift in Sources */,
			);
			runOnlyForDeploymentPostprocessing = 0;
		};
/* End PBXSourcesBuildPhase section */

/* Begin PBXTargetDependency section */
		06EFE9C52AFAB92000351973 /* PBXTargetDependency */ = {
			isa = PBXTargetDependency;
			target = 06EFE9B22AFAB91E00351973 /* Rumble */;
			targetProxy = 06EFE9C42AFAB92000351973 /* PBXContainerItemProxy */;
		};
		06EFE9CF2AFAB92000351973 /* PBXTargetDependency */ = {
			isa = PBXTargetDependency;
			target = 06EFE9B22AFAB91E00351973 /* Rumble */;
			targetProxy = 06EFE9CE2AFAB92000351973 /* PBXContainerItemProxy */;
		};
/* End PBXTargetDependency section */

/* Begin XCBuildConfiguration section */
		06EFE9D52AFAB92000351973 /* Debug */ = {
			isa = XCBuildConfiguration;
			buildSettings = {
				ALWAYS_SEARCH_USER_PATHS = NO;
				ASSETCATALOG_COMPILER_GENERATE_SWIFT_ASSET_SYMBOL_EXTENSIONS = YES;
				CLANG_ANALYZER_NONNULL = YES;
				CLANG_ANALYZER_NUMBER_OBJECT_CONVERSION = YES_AGGRESSIVE;
				CLANG_CXX_LANGUAGE_STANDARD = "gnu++20";
				CLANG_ENABLE_MODULES = YES;
				CLANG_ENABLE_OBJC_ARC = YES;
				CLANG_ENABLE_OBJC_WEAK = YES;
				CLANG_WARN_BLOCK_CAPTURE_AUTORELEASING = YES;
				CLANG_WARN_BOOL_CONVERSION = YES;
				CLANG_WARN_COMMA = YES;
				CLANG_WARN_CONSTANT_CONVERSION = YES;
				CLANG_WARN_DEPRECATED_OBJC_IMPLEMENTATIONS = YES;
				CLANG_WARN_DIRECT_OBJC_ISA_USAGE = YES_ERROR;
				CLANG_WARN_DOCUMENTATION_COMMENTS = YES;
				CLANG_WARN_EMPTY_BODY = YES;
				CLANG_WARN_ENUM_CONVERSION = YES;
				CLANG_WARN_INFINITE_RECURSION = YES;
				CLANG_WARN_INT_CONVERSION = YES;
				CLANG_WARN_NON_LITERAL_NULL_CONVERSION = YES;
				CLANG_WARN_OBJC_IMPLICIT_RETAIN_SELF = YES;
				CLANG_WARN_OBJC_LITERAL_CONVERSION = YES;
				CLANG_WARN_OBJC_ROOT_CLASS = YES_ERROR;
				CLANG_WARN_QUOTED_INCLUDE_IN_FRAMEWORK_HEADER = YES;
				CLANG_WARN_RANGE_LOOP_ANALYSIS = YES;
				CLANG_WARN_STRICT_PROTOTYPES = YES;
				CLANG_WARN_SUSPICIOUS_MOVE = YES;
				CLANG_WARN_UNGUARDED_AVAILABILITY = YES_AGGRESSIVE;
				CLANG_WARN_UNREACHABLE_CODE = YES;
				CLANG_WARN__DUPLICATE_METHOD_MATCH = YES;
				COPY_PHASE_STRIP = NO;
				DEBUG_INFORMATION_FORMAT = dwarf;
				ENABLE_STRICT_OBJC_MSGSEND = YES;
				ENABLE_TESTABILITY = YES;
				ENABLE_USER_SCRIPT_SANDBOXING = YES;
				GCC_C_LANGUAGE_STANDARD = gnu17;
				GCC_DYNAMIC_NO_PIC = NO;
				GCC_NO_COMMON_BLOCKS = YES;
				GCC_OPTIMIZATION_LEVEL = 0;
				GCC_PREPROCESSOR_DEFINITIONS = (
					"DEBUG=1",
					"$(inherited)",
				);
				GCC_WARN_64_TO_32_BIT_CONVERSION = YES;
				GCC_WARN_ABOUT_RETURN_TYPE = YES_ERROR;
				GCC_WARN_UNDECLARED_SELECTOR = YES;
				GCC_WARN_UNINITIALIZED_AUTOS = YES_AGGRESSIVE;
				GCC_WARN_UNUSED_FUNCTION = YES;
				GCC_WARN_UNUSED_VARIABLE = YES;
				IPHONEOS_DEPLOYMENT_TARGET = 17.0;
				LOCALIZATION_PREFERS_STRING_CATALOGS = YES;
				MTL_ENABLE_DEBUG_INFO = INCLUDE_SOURCE;
				MTL_FAST_MATH = YES;
				ONLY_ACTIVE_ARCH = YES;
				SDKROOT = iphoneos;
				SWIFT_ACTIVE_COMPILATION_CONDITIONS = "DEBUG $(inherited)";
				SWIFT_OPTIMIZATION_LEVEL = "-Onone";
			};
			name = Debug;
		};
		06EFE9D62AFAB92000351973 /* Release */ = {
			isa = XCBuildConfiguration;
			buildSettings = {
				ALWAYS_SEARCH_USER_PATHS = NO;
				ASSETCATALOG_COMPILER_GENERATE_SWIFT_ASSET_SYMBOL_EXTENSIONS = YES;
				CLANG_ANALYZER_NONNULL = YES;
				CLANG_ANALYZER_NUMBER_OBJECT_CONVERSION = YES_AGGRESSIVE;
				CLANG_CXX_LANGUAGE_STANDARD = "gnu++20";
				CLANG_ENABLE_MODULES = YES;
				CLANG_ENABLE_OBJC_ARC = YES;
				CLANG_ENABLE_OBJC_WEAK = YES;
				CLANG_WARN_BLOCK_CAPTURE_AUTORELEASING = YES;
				CLANG_WARN_BOOL_CONVERSION = YES;
				CLANG_WARN_COMMA = YES;
				CLANG_WARN_CONSTANT_CONVERSION = YES;
				CLANG_WARN_DEPRECATED_OBJC_IMPLEMENTATIONS = YES;
				CLANG_WARN_DIRECT_OBJC_ISA_USAGE = YES_ERROR;
				CLANG_WARN_DOCUMENTATION_COMMENTS = YES;
				CLANG_WARN_EMPTY_BODY = YES;
				CLANG_WARN_ENUM_CONVERSION = YES;
				CLANG_WARN_INFINITE_RECURSION = YES;
				CLANG_WARN_INT_CONVERSION = YES;
				CLANG_WARN_NON_LITERAL_NULL_CONVERSION = YES;
				CLANG_WARN_OBJC_IMPLICIT_RETAIN_SELF = YES;
				CLANG_WARN_OBJC_LITERAL_CONVERSION = YES;
				CLANG_WARN_OBJC_ROOT_CLASS = YES_ERROR;
				CLANG_WARN_QUOTED_INCLUDE_IN_FRAMEWORK_HEADER = YES;
				CLANG_WARN_RANGE_LOOP_ANALYSIS = YES;
				CLANG_WARN_STRICT_PROTOTYPES = YES;
				CLANG_WARN_SUSPICIOUS_MOVE = YES;
				CLANG_WARN_UNGUARDED_AVAILABILITY = YES_AGGRESSIVE;
				CLANG_WARN_UNREACHABLE_CODE = YES;
				CLANG_WARN__DUPLICATE_METHOD_MATCH = YES;
				COPY_PHASE_STRIP = NO;
				DEBUG_INFORMATION_FORMAT = "dwarf-with-dsym";
				ENABLE_NS_ASSERTIONS = NO;
				ENABLE_STRICT_OBJC_MSGSEND = YES;
				ENABLE_USER_SCRIPT_SANDBOXING = YES;
				GCC_C_LANGUAGE_STANDARD = gnu17;
				GCC_NO_COMMON_BLOCKS = YES;
				GCC_WARN_64_TO_32_BIT_CONVERSION = YES;
				GCC_WARN_ABOUT_RETURN_TYPE = YES_ERROR;
				GCC_WARN_UNDECLARED_SELECTOR = YES;
				GCC_WARN_UNINITIALIZED_AUTOS = YES_AGGRESSIVE;
				GCC_WARN_UNUSED_FUNCTION = YES;
				GCC_WARN_UNUSED_VARIABLE = YES;
				IPHONEOS_DEPLOYMENT_TARGET = 17.0;
				LOCALIZATION_PREFERS_STRING_CATALOGS = YES;
				MTL_ENABLE_DEBUG_INFO = NO;
				MTL_FAST_MATH = YES;
				SDKROOT = iphoneos;
				SWIFT_COMPILATION_MODE = wholemodule;
				VALIDATE_PRODUCT = YES;
			};
			name = Release;
		};
		06EFE9D82AFAB92000351973 /* Debug */ = {
			isa = XCBuildConfiguration;
			buildSettings = {
				ASSETCATALOG_COMPILER_APPICON_NAME = AppIcon;
				ASSETCATALOG_COMPILER_GLOBAL_ACCENT_COLOR_NAME = AccentColor;
				CODE_SIGN_IDENTITY = "Apple Development";
				CODE_SIGN_STYLE = Automatic;
				CURRENT_PROJECT_VERSION = 287;
				DEVELOPMENT_ASSET_PATHS = "\"Rumble/Preview Content\"";
				DEVELOPMENT_TEAM = DUCAN2M87U;
				ENABLE_PREVIEWS = YES;
				ENABLE_USER_SCRIPT_SANDBOXING = NO;
				GENERATE_INFOPLIST_FILE = YES;
				INFOPLIST_FILE = Rumble/Info.plist;
				INFOPLIST_KEY_LSApplicationCategoryType = "public.app-category.weather";
				INFOPLIST_KEY_NSLocationAlwaysAndWhenInUseUsageDescription = "Rumble needs your location to show earthquakes closest to you.";
				INFOPLIST_KEY_NSLocationWhenInUseUsageDescription = "Rumble needs your location to show earthquakes closest to you.";
				INFOPLIST_KEY_UIApplicationSceneManifest_Generation = YES;
				INFOPLIST_KEY_UIApplicationSupportsIndirectInputEvents = YES;
				INFOPLIST_KEY_UILaunchStoryboardName = LaunchScreen.storyboard;
				INFOPLIST_KEY_UIRequiresFullScreen = YES;
				INFOPLIST_KEY_UISupportedInterfaceOrientations_iPad = "UIInterfaceOrientationPortrait UIInterfaceOrientationPortraitUpsideDown UIInterfaceOrientationLandscapeLeft UIInterfaceOrientationLandscapeRight";
				INFOPLIST_KEY_UISupportedInterfaceOrientations_iPhone = "UIInterfaceOrientationPortrait UIInterfaceOrientationLandscapeLeft UIInterfaceOrientationLandscapeRight";
				LD_RUNPATH_SEARCH_PATHS = (
					"$(inherited)",
					"@executable_path/Frameworks",
				);
				MARKETING_VERSION = 2.0.0;
				PRODUCT_BUNDLE_IDENTIFIER = com.bsakhuja.Rumble;
				PRODUCT_NAME = "$(TARGET_NAME)";
				PROVISIONING_PROFILE_SPECIFIER = "";
				SWIFT_EMIT_LOC_STRINGS = YES;
				SWIFT_VERSION = 5.0;
				TARGETED_DEVICE_FAMILY = "1,2";
				VERSIONING_SYSTEM = "apple-generic";
			};
			name = Debug;
		};
		06EFE9D92AFAB92000351973 /* Release */ = {
			isa = XCBuildConfiguration;
			buildSettings = {
				ASSETCATALOG_COMPILER_APPICON_NAME = AppIcon;
				ASSETCATALOG_COMPILER_GLOBAL_ACCENT_COLOR_NAME = AccentColor;
				CODE_SIGN_IDENTITY = "Apple Development";
				CODE_SIGN_STYLE = Automatic;
				CURRENT_PROJECT_VERSION = 287;
				DEVELOPMENT_ASSET_PATHS = "\"Rumble/Preview Content\"";
				DEVELOPMENT_TEAM = DUCAN2M87U;
				ENABLE_PREVIEWS = YES;
				ENABLE_USER_SCRIPT_SANDBOXING = NO;
				GENERATE_INFOPLIST_FILE = YES;
				INFOPLIST_FILE = Rumble/Info.plist;
				INFOPLIST_KEY_LSApplicationCategoryType = "public.app-category.weather";
				INFOPLIST_KEY_NSLocationAlwaysAndWhenInUseUsageDescription = "Rumble needs your location to show earthquakes closest to you.";
				INFOPLIST_KEY_NSLocationWhenInUseUsageDescription = "Rumble needs your location to show earthquakes closest to you.";
				INFOPLIST_KEY_UIApplicationSceneManifest_Generation = YES;
				INFOPLIST_KEY_UIApplicationSupportsIndirectInputEvents = YES;
				INFOPLIST_KEY_UILaunchStoryboardName = LaunchScreen.storyboard;
				INFOPLIST_KEY_UIRequiresFullScreen = YES;
				INFOPLIST_KEY_UISupportedInterfaceOrientations_iPad = "UIInterfaceOrientationPortrait UIInterfaceOrientationPortraitUpsideDown UIInterfaceOrientationLandscapeLeft UIInterfaceOrientationLandscapeRight";
				INFOPLIST_KEY_UISupportedInterfaceOrientations_iPhone = "UIInterfaceOrientationPortrait UIInterfaceOrientationLandscapeLeft UIInterfaceOrientationLandscapeRight";
				LD_RUNPATH_SEARCH_PATHS = (
					"$(inherited)",
					"@executable_path/Frameworks",
				);
				MARKETING_VERSION = 2.0.0;
				PRODUCT_BUNDLE_IDENTIFIER = com.bsakhuja.Rumble;
				PRODUCT_NAME = "$(TARGET_NAME)";
				PROVISIONING_PROFILE_SPECIFIER = "";
				SWIFT_EMIT_LOC_STRINGS = YES;
				SWIFT_VERSION = 5.0;
				TARGETED_DEVICE_FAMILY = "1,2";
				VERSIONING_SYSTEM = "apple-generic";
			};
			name = Release;
		};
		06EFE9DB2AFAB92000351973 /* Debug */ = {
			isa = XCBuildConfiguration;
			buildSettings = {
				ALWAYS_EMBED_SWIFT_STANDARD_LIBRARIES = YES;
				BUNDLE_LOADER = "$(TEST_HOST)";
				CODE_SIGN_STYLE = Automatic;
				CURRENT_PROJECT_VERSION = 287;
				GENERATE_INFOPLIST_FILE = YES;
				IPHONEOS_DEPLOYMENT_TARGET = 17.2;
				MARKETING_VERSION = 1.0;
				PRODUCT_BUNDLE_IDENTIFIER = com.bsakhuja.PlateTests;
				PRODUCT_NAME = "$(TARGET_NAME)";
				SWIFT_EMIT_LOC_STRINGS = NO;
				SWIFT_VERSION = 5.0;
				TARGETED_DEVICE_FAMILY = "1,2";
				TEST_HOST = "$(BUILT_PRODUCTS_DIR)/Rumble.app/$(BUNDLE_EXECUTABLE_FOLDER_PATH)/Rumble";
			};
			name = Debug;
		};
		06EFE9DC2AFAB92000351973 /* Release */ = {
			isa = XCBuildConfiguration;
			buildSettings = {
				ALWAYS_EMBED_SWIFT_STANDARD_LIBRARIES = YES;
				BUNDLE_LOADER = "$(TEST_HOST)";
				CODE_SIGN_STYLE = Automatic;
				CURRENT_PROJECT_VERSION = 287;
				GENERATE_INFOPLIST_FILE = YES;
				IPHONEOS_DEPLOYMENT_TARGET = 17.2;
				MARKETING_VERSION = 1.0;
				PRODUCT_BUNDLE_IDENTIFIER = com.bsakhuja.PlateTests;
				PRODUCT_NAME = "$(TARGET_NAME)";
				SWIFT_EMIT_LOC_STRINGS = NO;
				SWIFT_VERSION = 5.0;
				TARGETED_DEVICE_FAMILY = "1,2";
				TEST_HOST = "$(BUILT_PRODUCTS_DIR)/Rumble.app/$(BUNDLE_EXECUTABLE_FOLDER_PATH)/Rumble";
			};
			name = Release;
		};
		06EFE9DE2AFAB92000351973 /* Debug */ = {
			isa = XCBuildConfiguration;
			buildSettings = {
				ALWAYS_EMBED_SWIFT_STANDARD_LIBRARIES = YES;
				CODE_SIGN_STYLE = Automatic;
				CURRENT_PROJECT_VERSION = 287;
				GENERATE_INFOPLIST_FILE = YES;
				MARKETING_VERSION = 1.0;
				PRODUCT_BUNDLE_IDENTIFIER = com.bsakhuja.PlateUITests;
				PRODUCT_NAME = "$(TARGET_NAME)";
				SWIFT_EMIT_LOC_STRINGS = NO;
				SWIFT_VERSION = 5.0;
				TARGETED_DEVICE_FAMILY = "1,2";
				TEST_TARGET_NAME = Plate;
			};
			name = Debug;
		};
		06EFE9DF2AFAB92000351973 /* Release */ = {
			isa = XCBuildConfiguration;
			buildSettings = {
				ALWAYS_EMBED_SWIFT_STANDARD_LIBRARIES = YES;
				CODE_SIGN_STYLE = Automatic;
				CURRENT_PROJECT_VERSION = 287;
				GENERATE_INFOPLIST_FILE = YES;
				MARKETING_VERSION = 1.0;
				PRODUCT_BUNDLE_IDENTIFIER = com.bsakhuja.PlateUITests;
				PRODUCT_NAME = "$(TARGET_NAME)";
				SWIFT_EMIT_LOC_STRINGS = NO;
				SWIFT_VERSION = 5.0;
				TARGETED_DEVICE_FAMILY = "1,2";
				TEST_TARGET_NAME = Plate;
			};
			name = Release;
		};
/* End XCBuildConfiguration section */

/* Begin XCConfigurationList section */
		06EFE9AE2AFAB91E00351973 /* Build configuration list for PBXProject "Rumble" */ = {
			isa = XCConfigurationList;
			buildConfigurations = (
				06EFE9D52AFAB92000351973 /* Debug */,
				06EFE9D62AFAB92000351973 /* Release */,
			);
			defaultConfigurationIsVisible = 0;
			defaultConfigurationName = Release;
		};
		06EFE9D72AFAB92000351973 /* Build configuration list for PBXNativeTarget "Rumble" */ = {
			isa = XCConfigurationList;
			buildConfigurations = (
				06EFE9D82AFAB92000351973 /* Debug */,
				06EFE9D92AFAB92000351973 /* Release */,
			);
			defaultConfigurationIsVisible = 0;
			defaultConfigurationName = Release;
		};
		06EFE9DA2AFAB92000351973 /* Build configuration list for PBXNativeTarget "RumbleTests" */ = {
			isa = XCConfigurationList;
			buildConfigurations = (
				06EFE9DB2AFAB92000351973 /* Debug */,
				06EFE9DC2AFAB92000351973 /* Release */,
			);
			defaultConfigurationIsVisible = 0;
			defaultConfigurationName = Release;
		};
		06EFE9DD2AFAB92000351973 /* Build configuration list for PBXNativeTarget "RumbleUITests" */ = {
			isa = XCConfigurationList;
			buildConfigurations = (
				06EFE9DE2AFAB92000351973 /* Debug */,
				06EFE9DF2AFAB92000351973 /* Release */,
			);
			defaultConfigurationIsVisible = 0;
			defaultConfigurationName = Release;
		};
/* End XCConfigurationList section */
	};
	rootObject = 06EFE9AB2AFAB91E00351973 /* Project object */;
}
