// !$*UTF8*$!
{
	archiveVersion = 1;
	classes = {
	};
	objectVersion = 56;
	objects = {

/* Begin PBXBuildFile section */
		060F27462BC32EC000908E15 /* LaunchScreen.storyboard in Resources */ = {isa = PBXBuildFile; fileRef = 060F27452BC32EC000908E15 /* LaunchScreen.storyboard */; };
		065FE1312B574D250014FD45 /* ApplicationInfo.swift in Sources */ = {isa = PBXBuildFile; fileRef = 065FE1302B574D250014FD45 /* ApplicationInfo.swift */; };
		068B01A32B0DB5A90012D86C /* FloatingButtonView.swift in Sources */ = {isa = PBXBuildFile; fileRef = 068B01A22B0DB5A90012D86C /* FloatingButtonView.swift */; };
		068B01A82B0DB8B20012D86C /* SettingsState.swift in Sources */ = {isa = PBXBuildFile; fileRef = 068B01A72B0DB8B20012D86C /* SettingsState.swift */; };
		068B01AA2B0DB9540012D86C /* EarthquakeListView.swift in Sources */ = {isa = PBXBuildFile; fileRef = 068B01A92B0DB9540012D86C /* EarthquakeListView.swift */; };
		068B01AC2B0DBAFB0012D86C /* EarthquakesMapView.swift in Sources */ = {isa = PBXBuildFile; fileRef = 068B01AB2B0DBAFB0012D86C /* EarthquakesMapView.swift */; };
		06DA014C2AFB0B4E0008FE49 /* EarthquakeRow.swift in Sources */ = {isa = PBXBuildFile; fileRef = 06DA014B2AFB0B4E0008FE49 /* EarthquakeRow.swift */; };
		06DA014F2AFBFEE40008FE49 /* EarthquakeDetailView.swift in Sources */ = {isa = PBXBuildFile; fileRef = 06DA014E2AFBFEE40008FE49 /* EarthquakeDetailView.swift */; };
		06DA01512AFC0DAE0008FE49 /* Earthquake.swift in Sources */ = {isa = PBXBuildFile; fileRef = 06DA01502AFC0DAE0008FE49 /* Earthquake.swift */; };
		06DA01532AFC0DD30008FE49 /* EarthquakeGeometry.swift in Sources */ = {isa = PBXBuildFile; fileRef = 06DA01522AFC0DD30008FE49 /* EarthquakeGeometry.swift */; };
		06DA01552AFC15AB0008FE49 /* QuakeLocation.swift in Sources */ = {isa = PBXBuildFile; fileRef = 06DA01542AFC15AB0008FE49 /* QuakeLocation.swift */; };
		06DA01592AFC2DB60008FE49 /* CLLocation.swift in Sources */ = {isa = PBXBuildFile; fileRef = 06DA01582AFC2DB60008FE49 /* CLLocation.swift */; };
		06DA015B2AFC2DD70008FE49 /* CLPlacemark.swift in Sources */ = {isa = PBXBuildFile; fileRef = 06DA015A2AFC2DD70008FE49 /* CLPlacemark.swift */; };
		06DA015D2AFC3EE20008FE49 /* Date.swift in Sources */ = {isa = PBXBuildFile; fileRef = 06DA015C2AFC3EE20008FE49 /* Date.swift */; };
		06DA015F2AFD91FB0008FE49 /* LoadingIndicator.swift in Sources */ = {isa = PBXBuildFile; fileRef = 06DA015E2AFD91FB0008FE49 /* LoadingIndicator.swift */; };
		06DA01632AFDBB0D0008FE49 /* SettingsView.swift in Sources */ = {isa = PBXBuildFile; fileRef = 06DA01622AFDBB0D0008FE49 /* SettingsView.swift */; };
		06EB16902B50EF51006BA666 /* Round.swift in Sources */ = {isa = PBXBuildFile; fileRef = 06EB168F2B50EF51006BA666 /* Round.swift */; };
		06EFE9B72AFAB91E00351973 /* EpicentralApp.swift in Sources */ = {isa = PBXBuildFile; fileRef = 06EFE9B62AFAB91E00351973 /* EpicentralApp.swift */; };
		06EFE9B92AFAB91E00351973 /* HomeView.swift in Sources */ = {isa = PBXBuildFile; fileRef = 06EFE9B82AFAB91E00351973 /* HomeView.swift */; };
		06EFE9BB2AFAB92000351973 /* Assets.xcassets in Resources */ = {isa = PBXBuildFile; fileRef = 06EFE9BA2AFAB92000351973 /* Assets.xcassets */; };
		06EFE9BE2AFAB92000351973 /* Preview Assets.xcassets in Resources */ = {isa = PBXBuildFile; fileRef = 06EFE9BD2AFAB92000351973 /* Preview Assets.xcassets */; };
		06EFE9C82AFAB92000351973 /* EpicentralTests.swift in Sources */ = {isa = PBXBuildFile; fileRef = 06EFE9C72AFAB92000351973 /* EpicentralTests.swift */; };
		06EFE9D22AFAB92000351973 /* EpicentralUITests.swift in Sources */ = {isa = PBXBuildFile; fileRef = 06EFE9D12AFAB92000351973 /* EpicentralUITests.swift */; };
		06EFE9D42AFAB92000351973 /* EpicentralUITestsLaunchTests.swift in Sources */ = {isa = PBXBuildFile; fileRef = 06EFE9D32AFAB92000351973 /* EpicentralUITestsLaunchTests.swift */; };
		06EFE9E52AFAB97300351973 /* EarthquakeProperties.swift in Sources */ = {isa = PBXBuildFile; fileRef = 06EFE9E42AFAB97300351973 /* EarthquakeProperties.swift */; };
		06EFE9E72AFABA0300351973 /* testresponse.json in Resources */ = {isa = PBXBuildFile; fileRef = 06EFE9E62AFABA0300351973 /* testresponse.json */; };
		06EFE9EF2AFABAAC00351973 /* NetworkManager.swift in Sources */ = {isa = PBXBuildFile; fileRef = 06EFE9EE2AFABAAC00351973 /* NetworkManager.swift */; };
		06EFE9F12AFAC24200351973 /* QuakeError.swift in Sources */ = {isa = PBXBuildFile; fileRef = 06EFE9F02AFAC24200351973 /* QuakeError.swift */; };
		06EFE9F32AFAC2AD00351973 /* TestData.swift in Sources */ = {isa = PBXBuildFile; fileRef = 06EFE9F22AFAC2AD00351973 /* TestData.swift */; };
		06EFE9F52AFAC3B800351973 /* GeoJSON.swift in Sources */ = {isa = PBXBuildFile; fileRef = 06EFE9F42AFAC3B800351973 /* GeoJSON.swift */; };
		06EFE9F92AFAD6D500351973 /* EarthquakesState.swift in Sources */ = {isa = PBXBuildFile; fileRef = 06EFE9F82AFAD6D500351973 /* EarthquakesState.swift */; };
		06F44F7B2B9A7DEA0024532B /* EarthquakePreviewView.swift in Sources */ = {isa = PBXBuildFile; fileRef = 06F44F7A2B9A7DEA0024532B /* EarthquakePreviewView.swift */; };
/* End PBXBuildFile section */

/* Begin PBXContainerItemProxy section */
		06EFE9C42AFAB92000351973 /* PBXContainerItemProxy */ = {
			isa = PBXContainerItemProxy;
			containerPortal = 06EFE9AB2AFAB91E00351973 /* Project object */;
			proxyType = 1;
			remoteGlobalIDString = 06EFE9B22AFAB91E00351973;
			remoteInfo = Plate;
		};
		06EFE9CE2AFAB92000351973 /* PBXContainerItemProxy */ = {
			isa = PBXContainerItemProxy;
			containerPortal = 06EFE9AB2AFAB91E00351973 /* Project object */;
			proxyType = 1;
			remoteGlobalIDString = 06EFE9B22AFAB91E00351973;
			remoteInfo = Plate;
		};
/* End PBXContainerItemProxy section */

/* Begin PBXFileReference section */
		060F27452BC32EC000908E15 /* LaunchScreen.storyboard */ = {isa = PBXFileReference; lastKnownFileType = file.storyboard; path = LaunchScreen.storyboard; sourceTree = "<group>"; };
		065FE1302B574D250014FD45 /* ApplicationInfo.swift */ = {isa = PBXFileReference; lastKnownFileType = sourcecode.swift; path = ApplicationInfo.swift; sourceTree = "<group>"; };
		068B01A22B0DB5A90012D86C /* FloatingButtonView.swift */ = {isa = PBXFileReference; lastKnownFileType = sourcecode.swift; path = FloatingButtonView.swift; sourceTree = "<group>"; };
		068B01A72B0DB8B20012D86C /* SettingsState.swift */ = {isa = PBXFileReference; lastKnownFileType = sourcecode.swift; path = SettingsState.swift; sourceTree = "<group>"; };
		068B01A92B0DB9540012D86C /* EarthquakeListView.swift */ = {isa = PBXFileReference; lastKnownFileType = sourcecode.swift; path = EarthquakeListView.swift; sourceTree = "<group>"; };
		068B01AB2B0DBAFB0012D86C /* EarthquakesMapView.swift */ = {isa = PBXFileReference; lastKnownFileType = sourcecode.swift; path = EarthquakesMapView.swift; sourceTree = "<group>"; };
		06DA014B2AFB0B4E0008FE49 /* EarthquakeRow.swift */ = {isa = PBXFileReference; lastKnownFileType = sourcecode.swift; path = EarthquakeRow.swift; sourceTree = "<group>"; };
		06DA014E2AFBFEE40008FE49 /* EarthquakeDetailView.swift */ = {isa = PBXFileReference; lastKnownFileType = sourcecode.swift; path = EarthquakeDetailView.swift; sourceTree = "<group>"; };
		06DA01502AFC0DAE0008FE49 /* Earthquake.swift */ = {isa = PBXFileReference; lastKnownFileType = sourcecode.swift; path = Earthquake.swift; sourceTree = "<group>"; };
		06DA01522AFC0DD30008FE49 /* EarthquakeGeometry.swift */ = {isa = PBXFileReference; lastKnownFileType = sourcecode.swift; path = EarthquakeGeometry.swift; sourceTree = "<group>"; };
		06DA01542AFC15AB0008FE49 /* QuakeLocation.swift */ = {isa = PBXFileReference; fileEncoding = 4; lastKnownFileType = sourcecode.swift; path = QuakeLocation.swift; sourceTree = "<group>"; };
		06DA01582AFC2DB60008FE49 /* CLLocation.swift */ = {isa = PBXFileReference; lastKnownFileType = sourcecode.swift; path = CLLocation.swift; sourceTree = "<group>"; };
		06DA015A2AFC2DD70008FE49 /* CLPlacemark.swift */ = {isa = PBXFileReference; lastKnownFileType = sourcecode.swift; path = CLPlacemark.swift; sourceTree = "<group>"; };
		06DA015C2AFC3EE20008FE49 /* Date.swift */ = {isa = PBXFileReference; lastKnownFileType = sourcecode.swift; path = Date.swift; sourceTree = "<group>"; };
		06DA015E2AFD91FB0008FE49 /* LoadingIndicator.swift */ = {isa = PBXFileReference; lastKnownFileType = sourcecode.swift; path = LoadingIndicator.swift; sourceTree = "<group>"; };
		06DA01622AFDBB0D0008FE49 /* SettingsView.swift */ = {isa = PBXFileReference; lastKnownFileType = sourcecode.swift; path = SettingsView.swift; sourceTree = "<group>"; };
		06DA01692B05B7350008FE49 /* Info.plist */ = {isa = PBXFileReference; lastKnownFileType = text.plist; path = Info.plist; sourceTree = "<group>"; };
		06EB168F2B50EF51006BA666 /* Round.swift */ = {isa = PBXFileReference; lastKnownFileType = sourcecode.swift; path = Round.swift; sourceTree = "<group>"; };
		06EFE9B32AFAB91E00351973 /* Epicentral.app */ = {isa = PBXFileReference; explicitFileType = wrapper.application; includeInIndex = 0; path = Epicentral.app; sourceTree = BUILT_PRODUCTS_DIR; };
		06EFE9B62AFAB91E00351973 /* EpicentralApp.swift */ = {isa = PBXFileReference; lastKnownFileType = sourcecode.swift; path = EpicentralApp.swift; sourceTree = "<group>"; };
		06EFE9B82AFAB91E00351973 /* HomeView.swift */ = {isa = PBXFileReference; lastKnownFileType = sourcecode.swift; path = HomeView.swift; sourceTree = "<group>"; };
		06EFE9BA2AFAB92000351973 /* Assets.xcassets */ = {isa = PBXFileReference; lastKnownFileType = folder.assetcatalog; path = Assets.xcassets; sourceTree = "<group>"; };
		06EFE9BD2AFAB92000351973 /* Preview Assets.xcassets */ = {isa = PBXFileReference; lastKnownFileType = folder.assetcatalog; path = "Preview Assets.xcassets"; sourceTree = "<group>"; };
		06EFE9C32AFAB92000351973 /* EpicentralTests.xctest */ = {isa = PBXFileReference; explicitFileType = wrapper.cfbundle; includeInIndex = 0; path = EpicentralTests.xctest; sourceTree = BUILT_PRODUCTS_DIR; };
		06EFE9C72AFAB92000351973 /* EpicentralTests.swift */ = {isa = PBXFileReference; lastKnownFileType = sourcecode.swift; path = EpicentralTests.swift; sourceTree = "<group>"; };
		06EFE9CD2AFAB92000351973 /* EpicentralUITests.xctest */ = {isa = PBXFileReference; explicitFileType = wrapper.cfbundle; includeInIndex = 0; path = EpicentralUITests.xctest; sourceTree = BUILT_PRODUCTS_DIR; };
		06EFE9D12AFAB92000351973 /* EpicentralUITests.swift */ = {isa = PBXFileReference; lastKnownFileType = sourcecode.swift; path = EpicentralUITests.swift; sourceTree = "<group>"; };
		06EFE9D32AFAB92000351973 /* EpicentralUITestsLaunchTests.swift */ = {isa = PBXFileReference; lastKnownFileType = sourcecode.swift; path = EpicentralUITestsLaunchTests.swift; sourceTree = "<group>"; };
		06EFE9E42AFAB97300351973 /* EarthquakeProperties.swift */ = {isa = PBXFileReference; lastKnownFileType = sourcecode.swift; path = EarthquakeProperties.swift; sourceTree = "<group>"; };
		06EFE9E62AFABA0300351973 /* testresponse.json */ = {isa = PBXFileReference; lastKnownFileType = text.json; path = testresponse.json; sourceTree = "<group>"; };
		06EFE9EE2AFABAAC00351973 /* NetworkManager.swift */ = {isa = PBXFileReference; lastKnownFileType = sourcecode.swift; path = NetworkManager.swift; sourceTree = "<group>"; };
		06EFE9F02AFAC24200351973 /* QuakeError.swift */ = {isa = PBXFileReference; lastKnownFileType = sourcecode.swift; path = QuakeError.swift; sourceTree = "<group>"; };
		06EFE9F22AFAC2AD00351973 /* TestData.swift */ = {isa = PBXFileReference; lastKnownFileType = sourcecode.swift; path = TestData.swift; sourceTree = "<group>"; };
		06EFE9F42AFAC3B800351973 /* GeoJSON.swift */ = {isa = PBXFileReference; lastKnownFileType = sourcecode.swift; path = GeoJSON.swift; sourceTree = "<group>"; };
		06EFE9F82AFAD6D500351973 /* EarthquakesState.swift */ = {isa = PBXFileReference; lastKnownFileType = sourcecode.swift; path = EarthquakesState.swift; sourceTree = "<group>"; };
		06F44F7A2B9A7DEA0024532B /* EarthquakePreviewView.swift */ = {isa = PBXFileReference; lastKnownFileType = sourcecode.swift; path = EarthquakePreviewView.swift; sourceTree = "<group>"; };
/* End PBXFileReference section */

/* Begin PBXFrameworksBuildPhase section */
		06EFE9B02AFAB91E00351973 /* Frameworks */ = {
			isa = PBXFrameworksBuildPhase;
			buildActionMask = 2147483647;
			files = (
			);
			runOnlyForDeploymentPostprocessing = 0;
		};
		06EFE9C02AFAB92000351973 /* Frameworks */ = {
			isa = PBXFrameworksBuildPhase;
			buildActionMask = 2147483647;
			files = (
			);
			runOnlyForDeploymentPostprocessing = 0;
		};
		06EFE9CA2AFAB92000351973 /* Frameworks */ = {
			isa = PBXFrameworksBuildPhase;
			buildActionMask = 2147483647;
			files = (
			);
			runOnlyForDeploymentPostprocessing = 0;
		};
/* End PBXFrameworksBuildPhase section */

/* Begin PBXGroup section */
		068B01A12B0DB2BD0012D86C /* FloatingButtonView */ = {
			isa = PBXGroup;
			children = (
				068B01A22B0DB5A90012D86C /* FloatingButtonView.swift */,
			);
			path = FloatingButtonView;
			sourceTree = "<group>";
		};
		06DA01562AFC2DA00008FE49 /* Utilities */ = {
			isa = PBXGroup;
			children = (
				06DA01572AFC2DA60008FE49 /* Extensions */,
				06EB168F2B50EF51006BA666 /* Round.swift */,
			);
			path = Utilities;
			sourceTree = "<group>";
		};
		06DA01572AFC2DA60008FE49 /* Extensions */ = {
			isa = PBXGroup;
			children = (
				06DA01582AFC2DB60008FE49 /* CLLocation.swift */,
				06DA015A2AFC2DD70008FE49 /* CLPlacemark.swift */,
				06DA015C2AFC3EE20008FE49 /* Date.swift */,
				065FE1302B574D250014FD45 /* ApplicationInfo.swift */,
			);
			path = Extensions;
			sourceTree = "<group>";
		};
		06DA01602AFDBA640008FE49 /* Screens */ = {
			isa = PBXGroup;
			children = (
				06DA014E2AFBFEE40008FE49 /* EarthquakeDetailView.swift */,
				06DA01622AFDBB0D0008FE49 /* SettingsView.swift */,
				068B01A92B0DB9540012D86C /* EarthquakeListView.swift */,
				068B01AB2B0DBAFB0012D86C /* EarthquakesMapView.swift */,
				060F27452BC32EC000908E15 /* LaunchScreen.storyboard */,
			);
			path = Screens;
			sourceTree = "<group>";
		};
		06DA01612AFDBA680008FE49 /* Components */ = {
			isa = PBXGroup;
			children = (
				068B01A12B0DB2BD0012D86C /* FloatingButtonView */,
				06DA01642AFDBB1E0008FE49 /* EarthquakeList */,
				06DA015E2AFD91FB0008FE49 /* LoadingIndicator.swift */,
				06F44F7A2B9A7DEA0024532B /* EarthquakePreviewView.swift */,
			);
			path = Components;
			sourceTree = "<group>";
		};
		06DA01642AFDBB1E0008FE49 /* EarthquakeList */ = {
			isa = PBXGroup;
			children = (
				06DA014B2AFB0B4E0008FE49 /* EarthquakeRow.swift */,
			);
			path = EarthquakeList;
			sourceTree = "<group>";
		};
		06EFE9AA2AFAB91E00351973 = {
			isa = PBXGroup;
			children = (
				06EFE9B52AFAB91E00351973 /* Epicentral */,
				06EFE9C62AFAB92000351973 /* EpicentralTests */,
				06EFE9D02AFAB92000351973 /* EpicentralUITests */,
				06EFE9B42AFAB91E00351973 /* Products */,
			);
			sourceTree = "<group>";
		};
		06EFE9B42AFAB91E00351973 /* Products */ = {
			isa = PBXGroup;
			children = (
				06EFE9B32AFAB91E00351973 /* Epicentral.app */,
				06EFE9C32AFAB92000351973 /* EpicentralTests.xctest */,
				06EFE9CD2AFAB92000351973 /* EpicentralUITests.xctest */,
			);
			name = Products;
			sourceTree = "<group>";
		};
		06EFE9B52AFAB91E00351973 /* Epicentral */ = {
			isa = PBXGroup;
			children = (
				06DA01692B05B7350008FE49 /* Info.plist */,
				06DA01562AFC2DA00008FE49 /* Utilities */,
				06EFE9E32AFAB96400351973 /* Models */,
				06EFE9E22AFAB93900351973 /* Networking */,
				06EFE9E12AFAB93300351973 /* States */,
				06EFE9E02AFAB92B00351973 /* Views */,
				06EFE9B62AFAB91E00351973 /* EpicentralApp.swift */,
				06EFE9B82AFAB91E00351973 /* HomeView.swift */,
				06EFE9BA2AFAB92000351973 /* Assets.xcassets */,
				06EFE9BC2AFAB92000351973 /* Preview Content */,
			);
			path = Epicentral;
			sourceTree = "<group>";
		};
		06EFE9BC2AFAB92000351973 /* Preview Content */ = {
			isa = PBXGroup;
			children = (
				06EFE9BD2AFAB92000351973 /* Preview Assets.xcassets */,
			);
			path = "Preview Content";
			sourceTree = "<group>";
		};
		06EFE9C62AFAB92000351973 /* EpicentralTests */ = {
			isa = PBXGroup;
			children = (
				06EFE9C72AFAB92000351973 /* EpicentralTests.swift */,
				06EFE9F22AFAC2AD00351973 /* TestData.swift */,
			);
			path = EpicentralTests;
			sourceTree = "<group>";
		};
		06EFE9D02AFAB92000351973 /* EpicentralUITests */ = {
			isa = PBXGroup;
			children = (
				06EFE9D12AFAB92000351973 /* EpicentralUITests.swift */,
				06EFE9D32AFAB92000351973 /* EpicentralUITestsLaunchTests.swift */,
			);
			path = EpicentralUITests;
			sourceTree = "<group>";
		};
		06EFE9E02AFAB92B00351973 /* Views */ = {
			isa = PBXGroup;
			children = (
				06DA01612AFDBA680008FE49 /* Components */,
				06DA01602AFDBA640008FE49 /* Screens */,
			);
			path = Views;
			sourceTree = "<group>";
		};
		06EFE9E12AFAB93300351973 /* States */ = {
			isa = PBXGroup;
			children = (
				06EFE9F82AFAD6D500351973 /* EarthquakesState.swift */,
				068B01A72B0DB8B20012D86C /* SettingsState.swift */,
			);
			path = States;
			sourceTree = "<group>";
		};
		06EFE9E22AFAB93900351973 /* Networking */ = {
			isa = PBXGroup;
			children = (
				06EFE9E62AFABA0300351973 /* testresponse.json */,
				06EFE9EE2AFABAAC00351973 /* NetworkManager.swift */,
				06EFE9F02AFAC24200351973 /* QuakeError.swift */,
			);
			path = Networking;
			sourceTree = "<group>";
		};
		06EFE9E32AFAB96400351973 /* Models */ = {
			isa = PBXGroup;
			children = (
				06EFE9F42AFAC3B800351973 /* GeoJSON.swift */,
				06DA01502AFC0DAE0008FE49 /* Earthquake.swift */,
				06EFE9E42AFAB97300351973 /* EarthquakeProperties.swift */,
				06DA01522AFC0DD30008FE49 /* EarthquakeGeometry.swift */,
				06DA01542AFC15AB0008FE49 /* QuakeLocation.swift */,
			);
			path = Models;
			sourceTree = "<group>";
		};
/* End PBXGroup section */

/* Begin PBXNativeTarget section */
		06EFE9B22AFAB91E00351973 /* Epicentral */ = {
			isa = PBXNativeTarget;
			buildConfigurationList = 06EFE9D72AFAB92000351973 /* Build configuration list for PBXNativeTarget "Epicentral" */;
			buildPhases = (
				06EFE9AF2AFAB91E00351973 /* Sources */,
				06EFE9B02AFAB91E00351973 /* Frameworks */,
				06EFE9B12AFAB91E00351973 /* Resources */,
				06C1DCDE2B9507AD005D8ABA /* Increment Build Number */,
			);
			buildRules = (
			);
			dependencies = (
			);
			name = Epicentral;
			productName = Plate;
			productReference = 06EFE9B32AFAB91E00351973 /* Epicentral.app */;
			productType = "com.apple.product-type.application";
		};
		06EFE9C22AFAB92000351973 /* EpicentralTests */ = {
			isa = PBXNativeTarget;
			buildConfigurationList = 06EFE9DA2AFAB92000351973 /* Build configuration list for PBXNativeTarget "EpicentralTests" */;
			buildPhases = (
				06EFE9BF2AFAB92000351973 /* Sources */,
				06EFE9C02AFAB92000351973 /* Frameworks */,
				06EFE9C12AFAB92000351973 /* Resources */,
			);
			buildRules = (
			);
			dependencies = (
				06EFE9C52AFAB92000351973 /* PBXTargetDependency */,
			);
			name = EpicentralTests;
			productName = PlateTests;
			productReference = 06EFE9C32AFAB92000351973 /* EpicentralTests.xctest */;
			productType = "com.apple.product-type.bundle.unit-test";
		};
		06EFE9CC2AFAB92000351973 /* EpicentralUITests */ = {
			isa = PBXNativeTarget;
			buildConfigurationList = 06EFE9DD2AFAB92000351973 /* Build configuration list for PBXNativeTarget "EpicentralUITests" */;
			buildPhases = (
				06EFE9C92AFAB92000351973 /* Sources */,
				06EFE9CA2AFAB92000351973 /* Frameworks */,
				06EFE9CB2AFAB92000351973 /* Resources */,
			);
			buildRules = (
			);
			dependencies = (
				06EFE9CF2AFAB92000351973 /* PBXTargetDependency */,
			);
			name = EpicentralUITests;
			productName = PlateUITests;
			productReference = 06EFE9CD2AFAB92000351973 /* EpicentralUITests.xctest */;
			productType = "com.apple.product-type.bundle.ui-testing";
		};
/* End PBXNativeTarget section */

/* Begin PBXProject section */
		06EFE9AB2AFAB91E00351973 /* Project object */ = {
			isa = PBXProject;
			attributes = {
				BuildIndependentTargetsInParallel = 1;
				LastSwiftUpdateCheck = 1510;
				LastUpgradeCheck = 1510;
				TargetAttributes = {
					06EFE9B22AFAB91E00351973 = {
						CreatedOnToolsVersion = 15.1;
					};
					06EFE9C22AFAB92000351973 = {
						CreatedOnToolsVersion = 15.1;
						TestTargetID = 06EFE9B22AFAB91E00351973;
					};
					06EFE9CC2AFAB92000351973 = {
						CreatedOnToolsVersion = 15.1;
						TestTargetID = 06EFE9B22AFAB91E00351973;
					};
				};
			};
			buildConfigurationList = 06EFE9AE2AFAB91E00351973 /* Build configuration list for PBXProject "Epicentral" */;
			compatibilityVersion = "Xcode 14.0";
			developmentRegion = en;
			hasScannedForEncodings = 0;
			knownRegions = (
				en,
				Base,
			);
			mainGroup = 06EFE9AA2AFAB91E00351973;
			productRefGroup = 06EFE9B42AFAB91E00351973 /* Products */;
			projectDirPath = "";
			projectRoot = "";
			targets = (
				06EFE9B22AFAB91E00351973 /* Epicentral */,
				06EFE9C22AFAB92000351973 /* EpicentralTests */,
				06EFE9CC2AFAB92000351973 /* EpicentralUITests */,
			);
		};
/* End PBXProject section */

/* Begin PBXResourcesBuildPhase section */
		06EFE9B12AFAB91E00351973 /* Resources */ = {
			isa = PBXResourcesBuildPhase;
			buildActionMask = 2147483647;
			files = (
				06EFE9E72AFABA0300351973 /* testresponse.json in Resources */,
				060F27462BC32EC000908E15 /* LaunchScreen.storyboard in Resources */,
				06EFE9BE2AFAB92000351973 /* Preview Assets.xcassets in Resources */,
				06EFE9BB2AFAB92000351973 /* Assets.xcassets in Resources */,
			);
			runOnlyForDeploymentPostprocessing = 0;
		};
		06EFE9C12AFAB92000351973 /* Resources */ = {
			isa = PBXResourcesBuildPhase;
			buildActionMask = 2147483647;
			files = (
			);
			runOnlyForDeploymentPostprocessing = 0;
		};
		06EFE9CB2AFAB92000351973 /* Resources */ = {
			isa = PBXResourcesBuildPhase;
			buildActionMask = 2147483647;
			files = (
			);
			runOnlyForDeploymentPostprocessing = 0;
		};
/* End PBXResourcesBuildPhase section */

/* Begin PBXShellScriptBuildPhase section */
		06C1DCDE2B9507AD005D8ABA /* Increment Build Number */ = {
			isa = PBXShellScriptBuildPhase;
			alwaysOutOfDate = 1;
			buildActionMask = 2147483647;
			files = (
			);
			inputFileListPaths = (
			);
			inputPaths = (
			);
			name = "Increment Build Number";
			outputFileListPaths = (
			);
			outputPaths = (
			);
			runOnlyForDeploymentPostprocessing = 0;
			shellPath = /bin/sh;
			shellScript = "xcrun agvtool next-version -all\n";
		};
/* End PBXShellScriptBuildPhase section */

/* Begin PBXSourcesBuildPhase section */
		06EFE9AF2AFAB91E00351973 /* Sources */ = {
			isa = PBXSourcesBuildPhase;
			buildActionMask = 2147483647;
			files = (
				06EFE9EF2AFABAAC00351973 /* NetworkManager.swift in Sources */,
				06DA015D2AFC3EE20008FE49 /* Date.swift in Sources */,
				06DA01592AFC2DB60008FE49 /* CLLocation.swift in Sources */,
				06EFE9F92AFAD6D500351973 /* EarthquakesState.swift in Sources */,
				06DA01552AFC15AB0008FE49 /* QuakeLocation.swift in Sources */,
				06DA01632AFDBB0D0008FE49 /* SettingsView.swift in Sources */,
				068B01AC2B0DBAFB0012D86C /* EarthquakesMapView.swift in Sources */,
				06EFE9F12AFAC24200351973 /* QuakeError.swift in Sources */,
				06EFE9B92AFAB91E00351973 /* HomeView.swift in Sources */,
				06EFE9E52AFAB97300351973 /* EarthquakeProperties.swift in Sources */,
				06DA015B2AFC2DD70008FE49 /* CLPlacemark.swift in Sources */,
				068B01AA2B0DB9540012D86C /* EarthquakeListView.swift in Sources */,
				06DA014F2AFBFEE40008FE49 /* EarthquakeDetailView.swift in Sources */,
				065FE1312B574D250014FD45 /* ApplicationInfo.swift in Sources */,
				06DA01512AFC0DAE0008FE49 /* Earthquake.swift in Sources */,
				06EB16902B50EF51006BA666 /* Round.swift in Sources */,
				06DA014C2AFB0B4E0008FE49 /* EarthquakeRow.swift in Sources */,
				06DA015F2AFD91FB0008FE49 /* LoadingIndicator.swift in Sources */,
				068B01A82B0DB8B20012D86C /* SettingsState.swift in Sources */,
				06EFE9F52AFAC3B800351973 /* GeoJSON.swift in Sources */,
				06DA01532AFC0DD30008FE49 /* EarthquakeGeometry.swift in Sources */,
				068B01A32B0DB5A90012D86C /* FloatingButtonView.swift in Sources */,
				06F44F7B2B9A7DEA0024532B /* EarthquakePreviewView.swift in Sources */,
				06EFE9B72AFAB91E00351973 /* EpicentralApp.swift in Sources */,
			);
			runOnlyForDeploymentPostprocessing = 0;
		};
		06EFE9BF2AFAB92000351973 /* Sources */ = {
			isa = PBXSourcesBuildPhase;
			buildActionMask = 2147483647;
			files = (
				06EFE9C82AFAB92000351973 /* EpicentralTests.swift in Sources */,
				06EFE9F32AFAC2AD00351973 /* TestData.swift in Sources */,
			);
			runOnlyForDeploymentPostprocessing = 0;
		};
		06EFE9C92AFAB92000351973 /* Sources */ = {
			isa = PBXSourcesBuildPhase;
			buildActionMask = 2147483647;
			files = (
				06EFE9D22AFAB92000351973 /* EpicentralUITests.swift in Sources */,
				06EFE9D42AFAB92000351973 /* EpicentralUITestsLaunchTests.swift in Sources */,
			);
			runOnlyForDeploymentPostprocessing = 0;
		};
/* End PBXSourcesBuildPhase section */

/* Begin PBXTargetDependency section */
		06EFE9C52AFAB92000351973 /* PBXTargetDependency */ = {
			isa = PBXTargetDependency;
			target = 06EFE9B22AFAB91E00351973 /* Epicentral */;
			targetProxy = 06EFE9C42AFAB92000351973 /* PBXContainerItemProxy */;
		};
		06EFE9CF2AFAB92000351973 /* PBXTargetDependency */ = {
			isa = PBXTargetDependency;
			target = 06EFE9B22AFAB91E00351973 /* Epicentral */;
			targetProxy = 06EFE9CE2AFAB92000351973 /* PBXContainerItemProxy */;
		};
/* End PBXTargetDependency section */

/* Begin XCBuildConfiguration section */
		06EFE9D52AFAB92000351973 /* Debug */ = {
			isa = XCBuildConfiguration;
			buildSettings = {
				ALWAYS_SEARCH_USER_PATHS = NO;
				ASSETCATALOG_COMPILER_GENERATE_SWIFT_ASSET_SYMBOL_EXTENSIONS = YES;
				CLANG_ANALYZER_NONNULL = YES;
				CLANG_ANALYZER_NUMBER_OBJECT_CONVERSION = YES_AGGRESSIVE;
				CLANG_CXX_LANGUAGE_STANDARD = "gnu++20";
				CLANG_ENABLE_MODULES = YES;
				CLANG_ENABLE_OBJC_ARC = YES;
				CLANG_ENABLE_OBJC_WEAK = YES;
				CLANG_WARN_BLOCK_CAPTURE_AUTORELEASING = YES;
				CLANG_WARN_BOOL_CONVERSION = YES;
				CLANG_WARN_COMMA = YES;
				CLANG_WARN_CONSTANT_CONVERSION = YES;
				CLANG_WARN_DEPRECATED_OBJC_IMPLEMENTATIONS = YES;
				CLANG_WARN_DIRECT_OBJC_ISA_USAGE = YES_ERROR;
				CLANG_WARN_DOCUMENTATION_COMMENTS = YES;
				CLANG_WARN_EMPTY_BODY = YES;
				CLANG_WARN_ENUM_CONVERSION = YES;
				CLANG_WARN_INFINITE_RECURSION = YES;
				CLANG_WARN_INT_CONVERSION = YES;
				CLANG_WARN_NON_LITERAL_NULL_CONVERSION = YES;
				CLANG_WARN_OBJC_IMPLICIT_RETAIN_SELF = YES;
				CLANG_WARN_OBJC_LITERAL_CONVERSION = YES;
				CLANG_WARN_OBJC_ROOT_CLASS = YES_ERROR;
				CLANG_WARN_QUOTED_INCLUDE_IN_FRAMEWORK_HEADER = YES;
				CLANG_WARN_RANGE_LOOP_ANALYSIS = YES;
				CLANG_WARN_STRICT_PROTOTYPES = YES;
				CLANG_WARN_SUSPICIOUS_MOVE = YES;
				CLANG_WARN_UNGUARDED_AVAILABILITY = YES_AGGRESSIVE;
				CLANG_WARN_UNREACHABLE_CODE = YES;
				CLANG_WARN__DUPLICATE_METHOD_MATCH = YES;
				COPY_PHASE_STRIP = NO;
				DEBUG_INFORMATION_FORMAT = dwarf;
				ENABLE_STRICT_OBJC_MSGSEND = YES;
				ENABLE_TESTABILITY = YES;
				ENABLE_USER_SCRIPT_SANDBOXING = YES;
				GCC_C_LANGUAGE_STANDARD = gnu17;
				GCC_DYNAMIC_NO_PIC = NO;
				GCC_NO_COMMON_BLOCKS = YES;
				GCC_OPTIMIZATION_LEVEL = 0;
				GCC_PREPROCESSOR_DEFINITIONS = (
					"DEBUG=1",
					"$(inherited)",
				);
				GCC_WARN_64_TO_32_BIT_CONVERSION = YES;
				GCC_WARN_ABOUT_RETURN_TYPE = YES_ERROR;
				GCC_WARN_UNDECLARED_SELECTOR = YES;
				GCC_WARN_UNINITIALIZED_AUTOS = YES_AGGRESSIVE;
				GCC_WARN_UNUSED_FUNCTION = YES;
				GCC_WARN_UNUSED_VARIABLE = YES;
				IPHONEOS_DEPLOYMENT_TARGET = 17.0;
				LOCALIZATION_PREFERS_STRING_CATALOGS = YES;
				MTL_ENABLE_DEBUG_INFO = INCLUDE_SOURCE;
				MTL_FAST_MATH = YES;
				ONLY_ACTIVE_ARCH = YES;
				SDKROOT = iphoneos;
				SWIFT_ACTIVE_COMPILATION_CONDITIONS = "DEBUG $(inherited)";
				SWIFT_OPTIMIZATION_LEVEL = "-Onone";
			};
			name = Debug;
		};
		06EFE9D62AFAB92000351973 /* Release */ = {
			isa = XCBuildConfiguration;
			buildSettings = {
				ALWAYS_SEARCH_USER_PATHS = NO;
				ASSETCATALOG_COMPILER_GENERATE_SWIFT_ASSET_SYMBOL_EXTENSIONS = YES;
				CLANG_ANALYZER_NONNULL = YES;
				CLANG_ANALYZER_NUMBER_OBJECT_CONVERSION = YES_AGGRESSIVE;
				CLANG_CXX_LANGUAGE_STANDARD = "gnu++20";
				CLANG_ENABLE_MODULES = YES;
				CLANG_ENABLE_OBJC_ARC = YES;
				CLANG_ENABLE_OBJC_WEAK = YES;
				CLANG_WARN_BLOCK_CAPTURE_AUTORELEASING = YES;
				CLANG_WARN_BOOL_CONVERSION = YES;
				CLANG_WARN_COMMA = YES;
				CLANG_WARN_CONSTANT_CONVERSION = YES;
				CLANG_WARN_DEPRECATED_OBJC_IMPLEMENTATIONS = YES;
				CLANG_WARN_DIRECT_OBJC_ISA_USAGE = YES_ERROR;
				CLANG_WARN_DOCUMENTATION_COMMENTS = YES;
				CLANG_WARN_EMPTY_BODY = YES;
				CLANG_WARN_ENUM_CONVERSION = YES;
				CLANG_WARN_INFINITE_RECURSION = YES;
				CLANG_WARN_INT_CONVERSION = YES;
				CLANG_WARN_NON_LITERAL_NULL_CONVERSION = YES;
				CLANG_WARN_OBJC_IMPLICIT_RETAIN_SELF = YES;
				CLANG_WARN_OBJC_LITERAL_CONVERSION = YES;
				CLANG_WARN_OBJC_ROOT_CLASS = YES_ERROR;
				CLANG_WARN_QUOTED_INCLUDE_IN_FRAMEWORK_HEADER = YES;
				CLANG_WARN_RANGE_LOOP_ANALYSIS = YES;
				CLANG_WARN_STRICT_PROTOTYPES = YES;
				CLANG_WARN_SUSPICIOUS_MOVE = YES;
				CLANG_WARN_UNGUARDED_AVAILABILITY = YES_AGGRESSIVE;
				CLANG_WARN_UNREACHABLE_CODE = YES;
				CLANG_WARN__DUPLICATE_METHOD_MATCH = YES;
				COPY_PHASE_STRIP = NO;
				DEBUG_INFORMATION_FORMAT = "dwarf-with-dsym";
				ENABLE_NS_ASSERTIONS = NO;
				ENABLE_STRICT_OBJC_MSGSEND = YES;
				ENABLE_USER_SCRIPT_SANDBOXING = YES;
				GCC_C_LANGUAGE_STANDARD = gnu17;
				GCC_NO_COMMON_BLOCKS = YES;
				GCC_WARN_64_TO_32_BIT_CONVERSION = YES;
				GCC_WARN_ABOUT_RETURN_TYPE = YES_ERROR;
				GCC_WARN_UNDECLARED_SELECTOR = YES;
				GCC_WARN_UNINITIALIZED_AUTOS = YES_AGGRESSIVE;
				GCC_WARN_UNUSED_FUNCTION = YES;
				GCC_WARN_UNUSED_VARIABLE = YES;
				IPHONEOS_DEPLOYMENT_TARGET = 17.0;
				LOCALIZATION_PREFERS_STRING_CATALOGS = YES;
				MTL_ENABLE_DEBUG_INFO = NO;
				MTL_FAST_MATH = YES;
				SDKROOT = iphoneos;
				SWIFT_COMPILATION_MODE = wholemodule;
				VALIDATE_PRODUCT = YES;
			};
			name = Release;
		};
		06EFE9D82AFAB92000351973 /* Debug */ = {
			isa = XCBuildConfiguration;
			buildSettings = {
				ASSETCATALOG_COMPILER_APPICON_NAME = AppIcon;
				ASSETCATALOG_COMPILER_GLOBAL_ACCENT_COLOR_NAME = AccentColor;
				CODE_SIGN_IDENTITY = "Apple Development";
				CODE_SIGN_STYLE = Automatic;
				CURRENT_PROJECT_VERSION = 265;
				DEVELOPMENT_ASSET_PATHS = "\"Epicentral/Preview Content\"";
				DEVELOPMENT_TEAM = DUCAN2M87U;
				ENABLE_PREVIEWS = YES;
				ENABLE_USER_SCRIPT_SANDBOXING = NO;
				GENERATE_INFOPLIST_FILE = YES;
				INFOPLIST_FILE = Epicentral/Info.plist;
				INFOPLIST_KEY_LSApplicationCategoryType = "public.app-category.weather";
				INFOPLIST_KEY_UIApplicationSceneManifest_Generation = YES;
				INFOPLIST_KEY_UIApplicationSupportsIndirectInputEvents = YES;
				INFOPLIST_KEY_UILaunchStoryboardName = LaunchScreen.storyboard;
				INFOPLIST_KEY_UIRequiresFullScreen = YES;
				INFOPLIST_KEY_UISupportedInterfaceOrientations_iPad = "UIInterfaceOrientationPortrait UIInterfaceOrientationPortraitUpsideDown UIInterfaceOrientationLandscapeLeft UIInterfaceOrientationLandscapeRight";
				INFOPLIST_KEY_UISupportedInterfaceOrientations_iPhone = "UIInterfaceOrientationPortrait UIInterfaceOrientationLandscapeLeft UIInterfaceOrientationLandscapeRight";
				LD_RUNPATH_SEARCH_PATHS = (
					"$(inherited)",
					"@executable_path/Frameworks",
				);
				MARKETING_VERSION = 1.2;
				PRODUCT_BUNDLE_IDENTIFIER = com.bsakhuja.Epicentral;
				PRODUCT_NAME = "$(TARGET_NAME)";
				PROVISIONING_PROFILE_SPECIFIER = "";
				SWIFT_EMIT_LOC_STRINGS = YES;
				SWIFT_VERSION = 5.0;
				TARGETED_DEVICE_FAMILY = "1,2";
				VERSIONING_SYSTEM = "apple-generic";
			};
			name = Debug;
		};
		06EFE9D92AFAB92000351973 /* Release */ = {
			isa = XCBuildConfiguration;
			buildSettings = {
				ASSETCATALOG_COMPILER_APPICON_NAME = AppIcon;
				ASSETCATALOG_COMPILER_GLOBAL_ACCENT_COLOR_NAME = AccentColor;
				CODE_SIGN_IDENTITY = "Apple Development";
				CODE_SIGN_STYLE = Automatic;
				CURRENT_PROJECT_VERSION = 265;
				DEVELOPMENT_ASSET_PATHS = "\"Epicentral/Preview Content\"";
				DEVELOPMENT_TEAM = DUCAN2M87U;
				ENABLE_PREVIEWS = YES;
				ENABLE_USER_SCRIPT_SANDBOXING = NO;
				GENERATE_INFOPLIST_FILE = YES;
				INFOPLIST_FILE = Epicentral/Info.plist;
				INFOPLIST_KEY_LSApplicationCategoryType = "public.app-category.weather";
				INFOPLIST_KEY_UIApplicationSceneManifest_Generation = YES;
				INFOPLIST_KEY_UIApplicationSupportsIndirectInputEvents = YES;
				INFOPLIST_KEY_UILaunchStoryboardName = LaunchScreen.storyboard;
				INFOPLIST_KEY_UIRequiresFullScreen = YES;
				INFOPLIST_KEY_UISupportedInterfaceOrientations_iPad = "UIInterfaceOrientationPortrait UIInterfaceOrientationPortraitUpsideDown UIInterfaceOrientationLandscapeLeft UIInterfaceOrientationLandscapeRight";
				INFOPLIST_KEY_UISupportedInterfaceOrientations_iPhone = "UIInterfaceOrientationPortrait UIInterfaceOrientationLandscapeLeft UIInterfaceOrientationLandscapeRight";
				LD_RUNPATH_SEARCH_PATHS = (
					"$(inherited)",
					"@executable_path/Frameworks",
				);
				MARKETING_VERSION = 1.2;
				PRODUCT_BUNDLE_IDENTIFIER = com.bsakhuja.Epicentral;
				PRODUCT_NAME = "$(TARGET_NAME)";
				PROVISIONING_PROFILE_SPECIFIER = "";
				SWIFT_EMIT_LOC_STRINGS = YES;
				SWIFT_VERSION = 5.0;
				TARGETED_DEVICE_FAMILY = "1,2";
				VERSIONING_SYSTEM = "apple-generic";
			};
			name = Release;
		};
		06EFE9DB2AFAB92000351973 /* Debug */ = {
			isa = XCBuildConfiguration;
			buildSettings = {
				ALWAYS_EMBED_SWIFT_STANDARD_LIBRARIES = YES;
				BUNDLE_LOADER = "$(TEST_HOST)";
				CODE_SIGN_STYLE = Automatic;
				CURRENT_PROJECT_VERSION = 265;
				GENERATE_INFOPLIST_FILE = YES;
				IPHONEOS_DEPLOYMENT_TARGET = 17.2;
				MARKETING_VERSION = 1.0;
				PRODUCT_BUNDLE_IDENTIFIER = com.bsakhuja.PlateTests;
				PRODUCT_NAME = "$(TARGET_NAME)";
				SWIFT_EMIT_LOC_STRINGS = NO;
				SWIFT_VERSION = 5.0;
				TARGETED_DEVICE_FAMILY = "1,2";
				TEST_HOST = "$(BUILT_PRODUCTS_DIR)/Epicentral.app/$(BUNDLE_EXECUTABLE_FOLDER_PATH)/Epicentral";
			};
			name = Debug;
		};
		06EFE9DC2AFAB92000351973 /* Release */ = {
			isa = XCBuildConfiguration;
			buildSettings = {
				ALWAYS_EMBED_SWIFT_STANDARD_LIBRARIES = YES;
				BUNDLE_LOADER = "$(TEST_HOST)";
				CODE_SIGN_STYLE = Automatic;
				CURRENT_PROJECT_VERSION = 265;
				GENERATE_INFOPLIST_FILE = YES;
				IPHONEOS_DEPLOYMENT_TARGET = 17.2;
				MARKETING_VERSION = 1.0;
				PRODUCT_BUNDLE_IDENTIFIER = com.bsakhuja.PlateTests;
				PRODUCT_NAME = "$(TARGET_NAME)";
				SWIFT_EMIT_LOC_STRINGS = NO;
				SWIFT_VERSION = 5.0;
				TARGETED_DEVICE_FAMILY = "1,2";
				TEST_HOST = "$(BUILT_PRODUCTS_DIR)/Epicentral.app/$(BUNDLE_EXECUTABLE_FOLDER_PATH)/Epicentral";
			};
			name = Release;
		};
		06EFE9DE2AFAB92000351973 /* Debug */ = {
			isa = XCBuildConfiguration;
			buildSettings = {
				ALWAYS_EMBED_SWIFT_STANDARD_LIBRARIES = YES;
				CODE_SIGN_STYLE = Automatic;
				CURRENT_PROJECT_VERSION = 265;
				GENERATE_INFOPLIST_FILE = YES;
				MARKETING_VERSION = 1.0;
				PRODUCT_BUNDLE_IDENTIFIER = com.bsakhuja.PlateUITests;
				PRODUCT_NAME = "$(TARGET_NAME)";
				SWIFT_EMIT_LOC_STRINGS = NO;
				SWIFT_VERSION = 5.0;
				TARGETED_DEVICE_FAMILY = "1,2";
				TEST_TARGET_NAME = Plate;
			};
			name = Debug;
		};
		06EFE9DF2AFAB92000351973 /* Release */ = {
			isa = XCBuildConfiguration;
			buildSettings = {
				ALWAYS_EMBED_SWIFT_STANDARD_LIBRARIES = YES;
				CODE_SIGN_STYLE = Automatic;
				CURRENT_PROJECT_VERSION = 265;
				GENERATE_INFOPLIST_FILE = YES;
				MARKETING_VERSION = 1.0;
				PRODUCT_BUNDLE_IDENTIFIER = com.bsakhuja.PlateUITests;
				PRODUCT_NAME = "$(TARGET_NAME)";
				SWIFT_EMIT_LOC_STRINGS = NO;
				SWIFT_VERSION = 5.0;
				TARGETED_DEVICE_FAMILY = "1,2";
				TEST_TARGET_NAME = Plate;
			};
			name = Release;
		};
/* End XCBuildConfiguration section */

/* Begin XCConfigurationList section */
		06EFE9AE2AFAB91E00351973 /* Build configuration list for PBXProject "Epicentral" */ = {
			isa = XCConfigurationList;
			buildConfigurations = (
				06EFE9D52AFAB92000351973 /* Debug */,
				06EFE9D62AFAB92000351973 /* Release */,
			);
			defaultConfigurationIsVisible = 0;
			defaultConfigurationName = Release;
		};
		06EFE9D72AFAB92000351973 /* Build configuration list for PBXNativeTarget "Epicentral" */ = {
			isa = XCConfigurationList;
			buildConfigurations = (
				06EFE9D82AFAB92000351973 /* Debug */,
				06EFE9D92AFAB92000351973 /* Release */,
			);
			defaultConfigurationIsVisible = 0;
			defaultConfigurationName = Release;
		};
		06EFE9DA2AFAB92000351973 /* Build configuration list for PBXNativeTarget "EpicentralTests" */ = {
			isa = XCConfigurationList;
			buildConfigurations = (
				06EFE9DB2AFAB92000351973 /* Debug */,
				06EFE9DC2AFAB92000351973 /* Release */,
			);
			defaultConfigurationIsVisible = 0;
			defaultConfigurationName = Release;
		};
		06EFE9DD2AFAB92000351973 /* Build configuration list for PBXNativeTarget "EpicentralUITests" */ = {
			isa = XCConfigurationList;
			buildConfigurations = (
				06EFE9DE2AFAB92000351973 /* Debug */,
				06EFE9DF2AFAB92000351973 /* Release */,
			);
			defaultConfigurationIsVisible = 0;
			defaultConfigurationName = Release;
		};
/* End XCConfigurationList section */
	};
	rootObject = 06EFE9AB2AFAB91E00351973 /* Project object */;
}
